// !$*UTF8*$!
{
	archiveVersion = 1;
	classes = {
	};
	objectVersion = 56;
	objects = {

/* Begin PBXBuildFile section */
		C461BE4229241D2800E5E70A /* SelfieCameraView.swift in Sources */ = {isa = PBXBuildFile; fileRef = C461BE4129241D2800E5E70A /* SelfieCameraView.swift */; };
		C4A2E7AD2919DD8A00D15DE1 /* EatReal_App.swift in Sources */ = {isa = PBXBuildFile; fileRef = C4A2E7AC2919DD8A00D15DE1 /* EatReal_App.swift */; };
		C4A2E7AF2919DD8A00D15DE1 /* ContentView.swift in Sources */ = {isa = PBXBuildFile; fileRef = C4A2E7AE2919DD8A00D15DE1 /* ContentView.swift */; };
		C4A2E7B12919DD8B00D15DE1 /* Assets.xcassets in Resources */ = {isa = PBXBuildFile; fileRef = C4A2E7B02919DD8B00D15DE1 /* Assets.xcassets */; };
		C4A2E7B42919DD8B00D15DE1 /* Preview Assets.xcassets in Resources */ = {isa = PBXBuildFile; fileRef = C4A2E7B32919DD8B00D15DE1 /* Preview Assets.xcassets */; };
		C4A2E7BB2919E1CA00D15DE1 /* navBar.swift in Sources */ = {isa = PBXBuildFile; fileRef = C4A2E7BA2919E1CA00D15DE1 /* navBar.swift */; };
		C4A2E7BF2919EBDE00D15DE1 /* PostScroll.swift in Sources */ = {isa = PBXBuildFile; fileRef = C4A2E7BE2919EBDE00D15DE1 /* PostScroll.swift */; };
		C4A2E7C12919EFF700D15DE1 /* PostView.swift in Sources */ = {isa = PBXBuildFile; fileRef = C4A2E7C02919EFF700D15DE1 /* PostView.swift */; };
		C4A2E7DE291B6FFF00D15DE1 /* Alamofire in Frameworks */ = {isa = PBXBuildFile; productRef = C4A2E7DD291B6FFF00D15DE1 /* Alamofire */; };
		C4A2E7E1291B712F00D15DE1 /* LandingView.swift in Sources */ = {isa = PBXBuildFile; fileRef = C4A2E7E0291B712F00D15DE1 /* LandingView.swift */; };
		C4A2E7E4291B724200D15DE1 /* ImagePickerView.swift in Sources */ = {isa = PBXBuildFile; fileRef = C4A2E7E3291B724200D15DE1 /* ImagePickerView.swift */; };
		C4A2E7E6291B72D700D15DE1 /* FoodCameraView.swift in Sources */ = {isa = PBXBuildFile; fileRef = C4A2E7E5291B72D700D15DE1 /* FoodCameraView.swift */; };
		C4A2E803291D84EE00D15DE1 /* AddReview.swift in Sources */ = {isa = PBXBuildFile; fileRef = C4A2E802291D84EE00D15DE1 /* AddReview.swift */; };
		C4A2E808291D884900D15DE1 /* FormView.swift in Sources */ = {isa = PBXBuildFile; fileRef = C4A2E807291D884900D15DE1 /* FormView.swift */; };
		C4A2E80A291D920300D15DE1 /* RatingReview.swift in Sources */ = {isa = PBXBuildFile; fileRef = C4A2E809291D920300D15DE1 /* RatingReview.swift */; };
		C4A2E80C291D9CD100D15DE1 /* TextReview.swift in Sources */ = {isa = PBXBuildFile; fileRef = C4A2E80B291D9CD100D15DE1 /* TextReview.swift */; };
		C4A2E834291DE2CF00D15DE1 /* EmbeddedCameraView.swift in Sources */ = {isa = PBXBuildFile; fileRef = C4A2E833291DE2CF00D15DE1 /* EmbeddedCameraView.swift */; };
		C4A2E837291DE6EB00D15DE1 /* ViewModel.swift in Sources */ = {isa = PBXBuildFile; fileRef = C4A2E836291DE6EB00D15DE1 /* ViewModel.swift */; };
		C4A2E83B291DEB0C00D15DE1 /* ImagePicker.swift in Sources */ = {isa = PBXBuildFile; fileRef = C4A2E83A291DEB0C00D15DE1 /* ImagePicker.swift */; };
		C4DA1A042926B135005FDC1C /* ViewRouter.swift in Sources */ = {isa = PBXBuildFile; fileRef = C4DA1A032926B135005FDC1C /* ViewRouter.swift */; };
		CD47BC20291D8B730083E983 /* CreateProfileView.swift in Sources */ = {isa = PBXBuildFile; fileRef = CD47BC1F291D8B730083E983 /* CreateProfileView.swift */; };
		CD47BC22291D8D410083E983 /* UploadProfilePicture.swift in Sources */ = {isa = PBXBuildFile; fileRef = CD47BC21291D8D410083E983 /* UploadProfilePicture.swift */; };
		CD47BC24291D8EBE0083E983 /* InputName.swift in Sources */ = {isa = PBXBuildFile; fileRef = CD47BC23291D8EBE0083E983 /* InputName.swift */; };
		CD47BC28291D8EFF0083E983 /* InputUsername.swift in Sources */ = {isa = PBXBuildFile; fileRef = CD47BC27291D8EFF0083E983 /* InputUsername.swift */; };
		CDE65761291AF7E000EA3CE8 /* ProfileView.swift in Sources */ = {isa = PBXBuildFile; fileRef = CDE681C7291AE34000AF8BFD /* ProfileView.swift */; };
		CDE65765291AF89E00EA3CE8 /* FriendView.swift in Sources */ = {isa = PBXBuildFile; fileRef = CDE65764291AF89E00EA3CE8 /* FriendView.swift */; };
		CDE65769291B422A00EA3CE8 /* SearchFriendView.swift in Sources */ = {isa = PBXBuildFile; fileRef = CDE65768291B422A00EA3CE8 /* SearchFriendView.swift */; };
		CDE681BE291AD77600AF8BFD /* NotificationView.swift in Sources */ = {isa = PBXBuildFile; fileRef = CDE681BD291AD77600AF8BFD /* NotificationView.swift */; };
		CDE681C0291AD7BD00AF8BFD /* NotificationScroll.swift in Sources */ = {isa = PBXBuildFile; fileRef = CDE681BF291AD7BD00AF8BFD /* NotificationScroll.swift */; };
		CDE681C2291ADA8000AF8BFD /* SingleNotificationView.swift in Sources */ = {isa = PBXBuildFile; fileRef = CDE681C1291ADA8000AF8BFD /* SingleNotificationView.swift */; };
		CDF4D13A291CA4A40071F603 /* homeButton.swift in Sources */ = {isa = PBXBuildFile; fileRef = CDF4D139291CA4A40071F603 /* homeButton.swift */; };
		CDF4D13C291CA4FD0071F603 /* notificationButton.swift in Sources */ = {isa = PBXBuildFile; fileRef = CDF4D13B291CA4FD0071F603 /* notificationButton.swift */; };
		CDF4D13E291CA54A0071F603 /* postButton.swift in Sources */ = {isa = PBXBuildFile; fileRef = CDF4D13D291CA54A0071F603 /* postButton.swift */; };
		CDF4D140291CA5820071F603 /* friendButton.swift in Sources */ = {isa = PBXBuildFile; fileRef = CDF4D13F291CA5820071F603 /* friendButton.swift */; };
		CDF4D142291CA5B30071F603 /* profileButton.swift in Sources */ = {isa = PBXBuildFile; fileRef = CDF4D141291CA5B30071F603 /* profileButton.swift */; };
		CDF4D145291CA9870071F603 /* Logo.swift in Sources */ = {isa = PBXBuildFile; fileRef = CDF4D144291CA9870071F603 /* Logo.swift */; };
		CDF4D149291CAA520071F603 /* HomeView.swift in Sources */ = {isa = PBXBuildFile; fileRef = CDF4D148291CAA520071F603 /* HomeView.swift */; };
		FC62FC1B2926AD2900C8D218 /* AsyncImage.swift in Sources */ = {isa = PBXBuildFile; fileRef = FC62FC1A2926AD2900C8D218 /* AsyncImage.swift */; };
		FC62FC2129380B7000C8D218 /* GoogleService-Info.plist in Resources */ = {isa = PBXBuildFile; fileRef = FC62FC2029380B7000C8D218 /* GoogleService-Info.plist */; };
		FC6934CE293938A8004D06FB /* Search.swift in Sources */ = {isa = PBXBuildFile; fileRef = FC6934CD293938A8004D06FB /* Search.swift */; };
		FC6934D029396FFF004D06FB /* SearchView.swift in Sources */ = {isa = PBXBuildFile; fileRef = FC6934CF29396FFF004D06FB /* SearchView.swift */; };
		FC6934D3293FA29D004D06FB /* UserTests.swift in Sources */ = {isa = PBXBuildFile; fileRef = FC6934D2293FA29D004D06FB /* UserTests.swift */; };
		FC6934D5293FD613004D06FB /* PreviewUserView.swift in Sources */ = {isa = PBXBuildFile; fileRef = FC6934D4293FD613004D06FB /* PreviewUserView.swift */; };
		FC6B0130293857F900AFE1E8 /* PostTests.swift in Sources */ = {isa = PBXBuildFile; fileRef = FC6B01212938566C00AFE1E8 /* PostTests.swift */; };
		FC6B013329385A1600AFE1E8 /* FirebaseAnalytics in Frameworks */ = {isa = PBXBuildFile; productRef = FC6B013229385A1600AFE1E8 /* FirebaseAnalytics */; };
		FC6B013529385A1600AFE1E8 /* FirebaseAnalyticsOnDeviceConversion in Frameworks */ = {isa = PBXBuildFile; productRef = FC6B013429385A1600AFE1E8 /* FirebaseAnalyticsOnDeviceConversion */; };
		FC6B013729385A1600AFE1E8 /* FirebaseAnalyticsSwift in Frameworks */ = {isa = PBXBuildFile; productRef = FC6B013629385A1600AFE1E8 /* FirebaseAnalyticsSwift */; };
		FC6B013929385A1600AFE1E8 /* FirebaseAnalyticsWithoutAdIdSupport in Frameworks */ = {isa = PBXBuildFile; productRef = FC6B013829385A1600AFE1E8 /* FirebaseAnalyticsWithoutAdIdSupport */; };
		FC6B013B29385A1600AFE1E8 /* FirebaseAppCheck in Frameworks */ = {isa = PBXBuildFile; productRef = FC6B013A29385A1600AFE1E8 /* FirebaseAppCheck */; };
		FC6B013D29385A1600AFE1E8 /* FirebaseAppDistribution-Beta in Frameworks */ = {isa = PBXBuildFile; productRef = FC6B013C29385A1600AFE1E8 /* FirebaseAppDistribution-Beta */; };
		FC6B013F29385A1600AFE1E8 /* FirebaseAuth in Frameworks */ = {isa = PBXBuildFile; productRef = FC6B013E29385A1600AFE1E8 /* FirebaseAuth */; };
		FC6B014129385A1600AFE1E8 /* FirebaseAuthCombine-Community in Frameworks */ = {isa = PBXBuildFile; productRef = FC6B014029385A1600AFE1E8 /* FirebaseAuthCombine-Community */; };
		FC6B014329385A1600AFE1E8 /* FirebaseCrashlytics in Frameworks */ = {isa = PBXBuildFile; productRef = FC6B014229385A1600AFE1E8 /* FirebaseCrashlytics */; };
		FC6B014529385A1600AFE1E8 /* FirebaseDatabase in Frameworks */ = {isa = PBXBuildFile; productRef = FC6B014429385A1600AFE1E8 /* FirebaseDatabase */; };
		FC6B014729385A1600AFE1E8 /* FirebaseDatabaseSwift in Frameworks */ = {isa = PBXBuildFile; productRef = FC6B014629385A1600AFE1E8 /* FirebaseDatabaseSwift */; };
		FC6B014929385A1600AFE1E8 /* FirebaseDynamicLinks in Frameworks */ = {isa = PBXBuildFile; productRef = FC6B014829385A1600AFE1E8 /* FirebaseDynamicLinks */; };
		FC6B014B29385A1600AFE1E8 /* FirebaseFirestore in Frameworks */ = {isa = PBXBuildFile; productRef = FC6B014A29385A1600AFE1E8 /* FirebaseFirestore */; };
		FC6B014D29385A1600AFE1E8 /* FirebaseFirestoreCombine-Community in Frameworks */ = {isa = PBXBuildFile; productRef = FC6B014C29385A1600AFE1E8 /* FirebaseFirestoreCombine-Community */; };
		FC6B014F29385A1600AFE1E8 /* FirebaseFirestoreSwift in Frameworks */ = {isa = PBXBuildFile; productRef = FC6B014E29385A1600AFE1E8 /* FirebaseFirestoreSwift */; };
		FC6B015129385A1600AFE1E8 /* FirebaseFunctions in Frameworks */ = {isa = PBXBuildFile; productRef = FC6B015029385A1600AFE1E8 /* FirebaseFunctions */; };
		FC6B015329385A1600AFE1E8 /* FirebaseFunctionsCombine-Community in Frameworks */ = {isa = PBXBuildFile; productRef = FC6B015229385A1600AFE1E8 /* FirebaseFunctionsCombine-Community */; };
		FC6B015529385A1600AFE1E8 /* FirebaseInAppMessaging-Beta in Frameworks */ = {isa = PBXBuildFile; productRef = FC6B015429385A1600AFE1E8 /* FirebaseInAppMessaging-Beta */; };
		FC6B015729385A1600AFE1E8 /* FirebaseInAppMessagingSwift-Beta in Frameworks */ = {isa = PBXBuildFile; productRef = FC6B015629385A1600AFE1E8 /* FirebaseInAppMessagingSwift-Beta */; };
		FC6B015929385A1600AFE1E8 /* FirebaseInstallations in Frameworks */ = {isa = PBXBuildFile; productRef = FC6B015829385A1600AFE1E8 /* FirebaseInstallations */; };
		FC6B015B29385A1600AFE1E8 /* FirebaseMessaging in Frameworks */ = {isa = PBXBuildFile; productRef = FC6B015A29385A1600AFE1E8 /* FirebaseMessaging */; };
		FC6B015D29385A1600AFE1E8 /* FirebaseMLModelDownloader in Frameworks */ = {isa = PBXBuildFile; productRef = FC6B015C29385A1600AFE1E8 /* FirebaseMLModelDownloader */; };
		FC6B015F29385A1600AFE1E8 /* FirebasePerformance in Frameworks */ = {isa = PBXBuildFile; productRef = FC6B015E29385A1600AFE1E8 /* FirebasePerformance */; };
		FC6B016129385A1600AFE1E8 /* FirebaseRemoteConfig in Frameworks */ = {isa = PBXBuildFile; productRef = FC6B016029385A1600AFE1E8 /* FirebaseRemoteConfig */; };
		FC6B016329385A1600AFE1E8 /* FirebaseRemoteConfigSwift in Frameworks */ = {isa = PBXBuildFile; productRef = FC6B016229385A1600AFE1E8 /* FirebaseRemoteConfigSwift */; };
		FC6B016529385A1600AFE1E8 /* FirebaseStorage in Frameworks */ = {isa = PBXBuildFile; productRef = FC6B016429385A1600AFE1E8 /* FirebaseStorage */; };
		FC6B016729385A1600AFE1E8 /* FirebaseStorageCombine-Community in Frameworks */ = {isa = PBXBuildFile; productRef = FC6B016629385A1600AFE1E8 /* FirebaseStorageCombine-Community */; };
		FCE4B8DC291B68EF004ED90E /* FirebaseAnalytics in Frameworks */ = {isa = PBXBuildFile; productRef = FCE4B8DB291B68EF004ED90E /* FirebaseAnalytics */; };
		FCE4B8DE291B68EF004ED90E /* FirebaseAnalyticsSwift in Frameworks */ = {isa = PBXBuildFile; productRef = FCE4B8DD291B68EF004ED90E /* FirebaseAnalyticsSwift */; };
		FCE4B8E0291B68EF004ED90E /* FirebaseDatabase in Frameworks */ = {isa = PBXBuildFile; productRef = FCE4B8DF291B68EF004ED90E /* FirebaseDatabase */; };
		FCE4B8E2291B68EF004ED90E /* FirebaseDatabaseSwift in Frameworks */ = {isa = PBXBuildFile; productRef = FCE4B8E1291B68EF004ED90E /* FirebaseDatabaseSwift */; };
		FCE4B8E4291B68EF004ED90E /* FirebaseFirestore in Frameworks */ = {isa = PBXBuildFile; productRef = FCE4B8E3291B68EF004ED90E /* FirebaseFirestore */; };
		FCE4B8E6291B68EF004ED90E /* FirebaseFirestoreSwift in Frameworks */ = {isa = PBXBuildFile; productRef = FCE4B8E5291B68EF004ED90E /* FirebaseFirestoreSwift */; };
		FCE4B8E8291B68EF004ED90E /* FirebaseStorage in Frameworks */ = {isa = PBXBuildFile; productRef = FCE4B8E7291B68EF004ED90E /* FirebaseStorage */; };
		FCE4B8EA291B68EF004ED90E /* FirebaseStorageCombine-Community in Frameworks */ = {isa = PBXBuildFile; productRef = FCE4B8E9291B68EF004ED90E /* FirebaseStorageCombine-Community */; };
		FCE4B8ED291B69B3004ED90E /* Firebase.swift in Sources */ = {isa = PBXBuildFile; fileRef = FCE4B8EC291B69B3004ED90E /* Firebase.swift */; };
		FCE4B8F1291B6BFA004ED90E /* User.swift in Sources */ = {isa = PBXBuildFile; fileRef = FCE4B8F0291B6BFA004ED90E /* User.swift */; };
		FCE4B8F4291B6C23004ED90E /* Post.swift in Sources */ = {isa = PBXBuildFile; fileRef = FCE4B8F3291B6C23004ED90E /* Post.swift */; };
		FCE4B8F9291B6E67004ED90E /* group_pic.png in Resources */ = {isa = PBXBuildFile; fileRef = FCE4B8F8291B6E67004ED90E /* group_pic.png */; };
		FCE4B8FB291C542E004ED90E /* Image.swift in Sources */ = {isa = PBXBuildFile; fileRef = FCE4B8FA291C542E004ED90E /* Image.swift */; };
		FCE4B8FD291C7EDA004ED90E /* image-placeholder.jpeg in Resources */ = {isa = PBXBuildFile; fileRef = FCE4B8FC291C7EDA004ED90E /* image-placeholder.jpeg */; };
/* End PBXBuildFile section */

/* Begin PBXContainerItemProxy section */
		FC6B012B293857EB00AFE1E8 /* PBXContainerItemProxy */ = {
			isa = PBXContainerItemProxy;
			containerPortal = C4A2E7A12919DD8A00D15DE1 /* Project object */;
			proxyType = 1;
			remoteGlobalIDString = C4A2E7A82919DD8A00D15DE1;
			remoteInfo = EatReal;
		};
/* End PBXContainerItemProxy section */

/* Begin PBXFileReference section */
		C461BE4129241D2800E5E70A /* SelfieCameraView.swift */ = {isa = PBXFileReference; lastKnownFileType = sourcecode.swift; path = SelfieCameraView.swift; sourceTree = "<group>"; };
		C4A2E7A92919DD8A00D15DE1 /* EatReal.app */ = {isa = PBXFileReference; explicitFileType = wrapper.application; includeInIndex = 0; path = EatReal.app; sourceTree = BUILT_PRODUCTS_DIR; };
		C4A2E7AC2919DD8A00D15DE1 /* EatReal_App.swift */ = {isa = PBXFileReference; lastKnownFileType = sourcecode.swift; path = EatReal_App.swift; sourceTree = "<group>"; };
		C4A2E7AE2919DD8A00D15DE1 /* ContentView.swift */ = {isa = PBXFileReference; lastKnownFileType = sourcecode.swift; path = ContentView.swift; sourceTree = "<group>"; };
		C4A2E7B02919DD8B00D15DE1 /* Assets.xcassets */ = {isa = PBXFileReference; lastKnownFileType = folder.assetcatalog; path = Assets.xcassets; sourceTree = "<group>"; };
		C4A2E7B32919DD8B00D15DE1 /* Preview Assets.xcassets */ = {isa = PBXFileReference; lastKnownFileType = folder.assetcatalog; path = "Preview Assets.xcassets"; sourceTree = "<group>"; };
		C4A2E7BA2919E1CA00D15DE1 /* navBar.swift */ = {isa = PBXFileReference; lastKnownFileType = sourcecode.swift; path = navBar.swift; sourceTree = "<group>"; };
		C4A2E7BE2919EBDE00D15DE1 /* PostScroll.swift */ = {isa = PBXFileReference; lastKnownFileType = sourcecode.swift; path = PostScroll.swift; sourceTree = "<group>"; };
		C4A2E7C02919EFF700D15DE1 /* PostView.swift */ = {isa = PBXFileReference; lastKnownFileType = sourcecode.swift; path = PostView.swift; sourceTree = "<group>"; };
		C4A2E7E0291B712F00D15DE1 /* LandingView.swift */ = {isa = PBXFileReference; lastKnownFileType = sourcecode.swift; path = LandingView.swift; sourceTree = "<group>"; };
		C4A2E7E3291B724200D15DE1 /* ImagePickerView.swift */ = {isa = PBXFileReference; lastKnownFileType = sourcecode.swift; path = ImagePickerView.swift; sourceTree = "<group>"; };
		C4A2E7E5291B72D700D15DE1 /* FoodCameraView.swift */ = {isa = PBXFileReference; lastKnownFileType = sourcecode.swift; path = FoodCameraView.swift; sourceTree = "<group>"; };
		C4A2E802291D84EE00D15DE1 /* AddReview.swift */ = {isa = PBXFileReference; lastKnownFileType = sourcecode.swift; path = AddReview.swift; sourceTree = "<group>"; };
		C4A2E807291D884900D15DE1 /* FormView.swift */ = {isa = PBXFileReference; lastKnownFileType = sourcecode.swift; path = FormView.swift; sourceTree = "<group>"; };
		C4A2E809291D920300D15DE1 /* RatingReview.swift */ = {isa = PBXFileReference; lastKnownFileType = sourcecode.swift; path = RatingReview.swift; sourceTree = "<group>"; };
		C4A2E80B291D9CD100D15DE1 /* TextReview.swift */ = {isa = PBXFileReference; lastKnownFileType = sourcecode.swift; path = TextReview.swift; sourceTree = "<group>"; };
		C4A2E833291DE2CF00D15DE1 /* EmbeddedCameraView.swift */ = {isa = PBXFileReference; lastKnownFileType = sourcecode.swift; path = EmbeddedCameraView.swift; sourceTree = "<group>"; };
		C4A2E835291DE45000D15DE1 /* EatReal-Info.plist */ = {isa = PBXFileReference; lastKnownFileType = text.plist.xml; path = "EatReal-Info.plist"; sourceTree = "<group>"; };
		C4A2E836291DE6EB00D15DE1 /* ViewModel.swift */ = {isa = PBXFileReference; lastKnownFileType = sourcecode.swift; path = ViewModel.swift; sourceTree = "<group>"; };
		C4A2E83A291DEB0C00D15DE1 /* ImagePicker.swift */ = {isa = PBXFileReference; lastKnownFileType = sourcecode.swift; path = ImagePicker.swift; sourceTree = "<group>"; };
		C4DA1A032926B135005FDC1C /* ViewRouter.swift */ = {isa = PBXFileReference; lastKnownFileType = sourcecode.swift; path = ViewRouter.swift; sourceTree = "<group>"; };
		CD47BC1F291D8B730083E983 /* CreateProfileView.swift */ = {isa = PBXFileReference; lastKnownFileType = sourcecode.swift; path = CreateProfileView.swift; sourceTree = "<group>"; };
		CD47BC21291D8D410083E983 /* UploadProfilePicture.swift */ = {isa = PBXFileReference; lastKnownFileType = sourcecode.swift; path = UploadProfilePicture.swift; sourceTree = "<group>"; };
		CD47BC23291D8EBE0083E983 /* InputName.swift */ = {isa = PBXFileReference; lastKnownFileType = sourcecode.swift; path = InputName.swift; sourceTree = "<group>"; };
		CD47BC27291D8EFF0083E983 /* InputUsername.swift */ = {isa = PBXFileReference; lastKnownFileType = sourcecode.swift; path = InputUsername.swift; sourceTree = "<group>"; };
		CDE65764291AF89E00EA3CE8 /* FriendView.swift */ = {isa = PBXFileReference; lastKnownFileType = sourcecode.swift; path = FriendView.swift; sourceTree = "<group>"; };
		CDE65768291B422A00EA3CE8 /* SearchFriendView.swift */ = {isa = PBXFileReference; lastKnownFileType = sourcecode.swift; path = SearchFriendView.swift; sourceTree = "<group>"; };
		CDE681BD291AD77600AF8BFD /* NotificationView.swift */ = {isa = PBXFileReference; lastKnownFileType = sourcecode.swift; path = NotificationView.swift; sourceTree = "<group>"; };
		CDE681BF291AD7BD00AF8BFD /* NotificationScroll.swift */ = {isa = PBXFileReference; lastKnownFileType = sourcecode.swift; path = NotificationScroll.swift; sourceTree = "<group>"; };
		CDE681C1291ADA8000AF8BFD /* SingleNotificationView.swift */ = {isa = PBXFileReference; lastKnownFileType = sourcecode.swift; path = SingleNotificationView.swift; sourceTree = "<group>"; };
		CDE681C7291AE34000AF8BFD /* ProfileView.swift */ = {isa = PBXFileReference; lastKnownFileType = sourcecode.swift; path = ProfileView.swift; sourceTree = "<group>"; };
		CDF4D139291CA4A40071F603 /* homeButton.swift */ = {isa = PBXFileReference; lastKnownFileType = sourcecode.swift; path = homeButton.swift; sourceTree = "<group>"; };
		CDF4D13B291CA4FD0071F603 /* notificationButton.swift */ = {isa = PBXFileReference; lastKnownFileType = sourcecode.swift; path = notificationButton.swift; sourceTree = "<group>"; };
		CDF4D13D291CA54A0071F603 /* postButton.swift */ = {isa = PBXFileReference; lastKnownFileType = sourcecode.swift; path = postButton.swift; sourceTree = "<group>"; };
		CDF4D13F291CA5820071F603 /* friendButton.swift */ = {isa = PBXFileReference; lastKnownFileType = sourcecode.swift; path = friendButton.swift; sourceTree = "<group>"; };
		CDF4D141291CA5B30071F603 /* profileButton.swift */ = {isa = PBXFileReference; lastKnownFileType = sourcecode.swift; path = profileButton.swift; sourceTree = "<group>"; };
		CDF4D144291CA9870071F603 /* Logo.swift */ = {isa = PBXFileReference; lastKnownFileType = sourcecode.swift; path = Logo.swift; sourceTree = "<group>"; };
		CDF4D148291CAA520071F603 /* HomeView.swift */ = {isa = PBXFileReference; lastKnownFileType = sourcecode.swift; path = HomeView.swift; sourceTree = "<group>"; };
		FC62FC1A2926AD2900C8D218 /* AsyncImage.swift */ = {isa = PBXFileReference; lastKnownFileType = sourcecode.swift; path = AsyncImage.swift; sourceTree = "<group>"; };
		FC62FC2029380B7000C8D218 /* GoogleService-Info.plist */ = {isa = PBXFileReference; fileEncoding = 4; lastKnownFileType = text.plist.xml; path = "GoogleService-Info.plist"; sourceTree = "<group>"; };
		FC6934CD293938A8004D06FB /* Search.swift */ = {isa = PBXFileReference; lastKnownFileType = sourcecode.swift; path = Search.swift; sourceTree = "<group>"; };
		FC6934CF29396FFF004D06FB /* SearchView.swift */ = {isa = PBXFileReference; lastKnownFileType = sourcecode.swift; path = SearchView.swift; sourceTree = "<group>"; };
		FC6934D2293FA29D004D06FB /* UserTests.swift */ = {isa = PBXFileReference; lastKnownFileType = sourcecode.swift; path = UserTests.swift; sourceTree = "<group>"; };
		FC6934D4293FD613004D06FB /* PreviewUserView.swift */ = {isa = PBXFileReference; lastKnownFileType = sourcecode.swift; path = PreviewUserView.swift; sourceTree = "<group>"; };
		FC6B01212938566C00AFE1E8 /* PostTests.swift */ = {isa = PBXFileReference; lastKnownFileType = sourcecode.swift; path = PostTests.swift; sourceTree = "<group>"; };
		FC6B0127293857EB00AFE1E8 /* EatRealTests.xctest */ = {isa = PBXFileReference; explicitFileType = wrapper.cfbundle; includeInIndex = 0; path = EatRealTests.xctest; sourceTree = BUILT_PRODUCTS_DIR; };
		FCE4B8EC291B69B3004ED90E /* Firebase.swift */ = {isa = PBXFileReference; lastKnownFileType = sourcecode.swift; path = Firebase.swift; sourceTree = "<group>"; };
		FCE4B8F0291B6BFA004ED90E /* User.swift */ = {isa = PBXFileReference; lastKnownFileType = sourcecode.swift; path = User.swift; sourceTree = "<group>"; };
		FCE4B8F3291B6C23004ED90E /* Post.swift */ = {isa = PBXFileReference; lastKnownFileType = sourcecode.swift; path = Post.swift; sourceTree = "<group>"; };
		FCE4B8F8291B6E67004ED90E /* group_pic.png */ = {isa = PBXFileReference; lastKnownFileType = image.png; path = group_pic.png; sourceTree = "<group>"; };
		FCE4B8FA291C542E004ED90E /* Image.swift */ = {isa = PBXFileReference; lastKnownFileType = sourcecode.swift; path = Image.swift; sourceTree = "<group>"; };
		FCE4B8FC291C7EDA004ED90E /* image-placeholder.jpeg */ = {isa = PBXFileReference; lastKnownFileType = image.jpeg; path = "image-placeholder.jpeg"; sourceTree = "<group>"; };
/* End PBXFileReference section */

/* Begin PBXFrameworksBuildPhase section */
		C4A2E7A62919DD8A00D15DE1 /* Frameworks */ = {
			isa = PBXFrameworksBuildPhase;
			buildActionMask = 2147483647;
			files = (
				C4A2E7DE291B6FFF00D15DE1 /* Alamofire in Frameworks */,
				FCE4B8E2291B68EF004ED90E /* FirebaseDatabaseSwift in Frameworks */,
				FCE4B8E0291B68EF004ED90E /* FirebaseDatabase in Frameworks */,
				FCE4B8EA291B68EF004ED90E /* FirebaseStorageCombine-Community in Frameworks */,
				FCE4B8DE291B68EF004ED90E /* FirebaseAnalyticsSwift in Frameworks */,
				FCE4B8E4291B68EF004ED90E /* FirebaseFirestore in Frameworks */,
				FCE4B8E8291B68EF004ED90E /* FirebaseStorage in Frameworks */,
				FCE4B8DC291B68EF004ED90E /* FirebaseAnalytics in Frameworks */,
				FCE4B8E6291B68EF004ED90E /* FirebaseFirestoreSwift in Frameworks */,
			);
			runOnlyForDeploymentPostprocessing = 0;
		};
		FC6B0124293857EB00AFE1E8 /* Frameworks */ = {
			isa = PBXFrameworksBuildPhase;
			buildActionMask = 2147483647;
			files = (
				FC6B014529385A1600AFE1E8 /* FirebaseDatabase in Frameworks */,
				FC6B015329385A1600AFE1E8 /* FirebaseFunctionsCombine-Community in Frameworks */,
				FC6B014B29385A1600AFE1E8 /* FirebaseFirestore in Frameworks */,
				FC6B013729385A1600AFE1E8 /* FirebaseAnalyticsSwift in Frameworks */,
				FC6B013329385A1600AFE1E8 /* FirebaseAnalytics in Frameworks */,
				FC6B013529385A1600AFE1E8 /* FirebaseAnalyticsOnDeviceConversion in Frameworks */,
				FC6B014F29385A1600AFE1E8 /* FirebaseFirestoreSwift in Frameworks */,
				FC6B015D29385A1600AFE1E8 /* FirebaseMLModelDownloader in Frameworks */,
				FC6B013B29385A1600AFE1E8 /* FirebaseAppCheck in Frameworks */,
				FC6B013929385A1600AFE1E8 /* FirebaseAnalyticsWithoutAdIdSupport in Frameworks */,
				FC6B015B29385A1600AFE1E8 /* FirebaseMessaging in Frameworks */,
				FC6B013F29385A1600AFE1E8 /* FirebaseAuth in Frameworks */,
				FC6B016329385A1600AFE1E8 /* FirebaseRemoteConfigSwift in Frameworks */,
				FC6B014329385A1600AFE1E8 /* FirebaseCrashlytics in Frameworks */,
				FC6B015529385A1600AFE1E8 /* FirebaseInAppMessaging-Beta in Frameworks */,
				FC6B014729385A1600AFE1E8 /* FirebaseDatabaseSwift in Frameworks */,
				FC6B016729385A1600AFE1E8 /* FirebaseStorageCombine-Community in Frameworks */,
				FC6B016129385A1600AFE1E8 /* FirebaseRemoteConfig in Frameworks */,
				FC6B015129385A1600AFE1E8 /* FirebaseFunctions in Frameworks */,
				FC6B013D29385A1600AFE1E8 /* FirebaseAppDistribution-Beta in Frameworks */,
				FC6B015F29385A1600AFE1E8 /* FirebasePerformance in Frameworks */,
				FC6B014129385A1600AFE1E8 /* FirebaseAuthCombine-Community in Frameworks */,
				FC6B016529385A1600AFE1E8 /* FirebaseStorage in Frameworks */,
				FC6B015729385A1600AFE1E8 /* FirebaseInAppMessagingSwift-Beta in Frameworks */,
				FC6B014929385A1600AFE1E8 /* FirebaseDynamicLinks in Frameworks */,
				FC6B014D29385A1600AFE1E8 /* FirebaseFirestoreCombine-Community in Frameworks */,
				FC6B015929385A1600AFE1E8 /* FirebaseInstallations in Frameworks */,
			);
			runOnlyForDeploymentPostprocessing = 0;
		};
/* End PBXFrameworksBuildPhase section */

/* Begin PBXGroup section */
		C4A2E7A02919DD8A00D15DE1 = {
			isa = PBXGroup;
			children = (
				C4A2E835291DE45000D15DE1 /* EatReal-Info.plist */,
				C4A2E7AB2919DD8A00D15DE1 /* EatReal */,
				FC6B0128293857EB00AFE1E8 /* EatRealTests */,
				C4A2E7AA2919DD8A00D15DE1 /* Products */,
				FC6B013129385A1600AFE1E8 /* Frameworks */,
			);
			sourceTree = "<group>";
		};
		C4A2E7AA2919DD8A00D15DE1 /* Products */ = {
			isa = PBXGroup;
			children = (
				C4A2E7A92919DD8A00D15DE1 /* EatReal.app */,
				FC6B0127293857EB00AFE1E8 /* EatRealTests.xctest */,
			);
			name = Products;
			sourceTree = "<group>";
		};
		C4A2E7AB2919DD8A00D15DE1 /* EatReal */ = {
			isa = PBXGroup;
			children = (
				C4A2E80E291DD59800D15DE1 /* Views */,
				C4A2E80D291DD57B00D15DE1 /* ViewModel */,
				FCE4B8F7291B6DEB004ED90E /* Resources */,
				FCE4B8EB291B69A3004ED90E /* Models */,
				C4A2E7AC2919DD8A00D15DE1 /* EatReal_App.swift */,
				FCE4B8FC291C7EDA004ED90E /* image-placeholder.jpeg */,
				C4A2E7B02919DD8B00D15DE1 /* Assets.xcassets */,
				FC62FC2029380B7000C8D218 /* GoogleService-Info.plist */,
				C4A2E7B22919DD8B00D15DE1 /* Preview Content */,
			);
			path = EatReal;
			sourceTree = "<group>";
		};
		C4A2E7B22919DD8B00D15DE1 /* Preview Content */ = {
			isa = PBXGroup;
			children = (
				C4A2E7B32919DD8B00D15DE1 /* Preview Assets.xcassets */,
			);
			path = "Preview Content";
			sourceTree = "<group>";
		};
		C4A2E7DF291B711300D15DE1 /* Landing */ = {
			isa = PBXGroup;
			children = (
				C4A2E7C02919EFF700D15DE1 /* PostView.swift */,
				C4A2E7E0291B712F00D15DE1 /* LandingView.swift */,
				FC62FC1A2926AD2900C8D218 /* AsyncImage.swift */,
			);
			path = Landing;
			sourceTree = "<group>";
		};
		C4A2E7E2291B722F00D15DE1 /* Posting */ = {
			isa = PBXGroup;
			children = (
				C4A2E7E3291B724200D15DE1 /* ImagePickerView.swift */,
				C4A2E7E5291B72D700D15DE1 /* FoodCameraView.swift */,
				C4A2E833291DE2CF00D15DE1 /* EmbeddedCameraView.swift */,
				C4A2E83A291DEB0C00D15DE1 /* ImagePicker.swift */,
			);
			path = Posting;
			sourceTree = "<group>";
		};
		C4A2E801291D84DF00D15DE1 /* Reviewing */ = {
			isa = PBXGroup;
			children = (
				C4A2E802291D84EE00D15DE1 /* AddReview.swift */,
				C461BE4129241D2800E5E70A /* SelfieCameraView.swift */,
				C4A2E807291D884900D15DE1 /* FormView.swift */,
				C4A2E80B291D9CD100D15DE1 /* TextReview.swift */,
				C4A2E809291D920300D15DE1 /* RatingReview.swift */,
			);
			path = Reviewing;
			sourceTree = "<group>";
		};
		C4A2E80D291DD57B00D15DE1 /* ViewModel */ = {
			isa = PBXGroup;
			children = (
				C4A2E836291DE6EB00D15DE1 /* ViewModel.swift */,
				C4DA1A032926B135005FDC1C /* ViewRouter.swift */,
			);
			path = ViewModel;
			sourceTree = "<group>";
		};
		C4A2E80E291DD59800D15DE1 /* Views */ = {
			isa = PBXGroup;
			children = (
				CDF4D143291CA96D0071F603 /* Home */,
				CDE65763291AF89200EA3CE8 /* Friend */,
				CDE681C3291AE10B00AF8BFD /* Notification */,
				CDE681C8291AE40200AF8BFD /* Profile */,
				CDF4D138291CA48B0071F603 /* Navigation */,
				C4A2E7DF291B711300D15DE1 /* Landing */,
				C4A2E801291D84DF00D15DE1 /* Reviewing */,
				C4A2E7E2291B722F00D15DE1 /* Posting */,
			);
			path = Views;
			sourceTree = "<group>";
		};
		CDE65763291AF89200EA3CE8 /* Friend */ = {
			isa = PBXGroup;
			children = (
				CDE65764291AF89E00EA3CE8 /* FriendView.swift */,
				CDE65768291B422A00EA3CE8 /* SearchFriendView.swift */,
				FC6934D4293FD613004D06FB /* PreviewUserView.swift */,
			);
			path = Friend;
			sourceTree = "<group>";
		};
		CDE681C3291AE10B00AF8BFD /* Notification */ = {
			isa = PBXGroup;
			children = (
				CDE681BF291AD7BD00AF8BFD /* NotificationScroll.swift */,
				CDE681BD291AD77600AF8BFD /* NotificationView.swift */,
				CDE681C1291ADA8000AF8BFD /* SingleNotificationView.swift */,
			);
			path = Notification;
			sourceTree = "<group>";
		};
		CDE681C8291AE40200AF8BFD /* Profile */ = {
			isa = PBXGroup;
			children = (
				CDE681C7291AE34000AF8BFD /* ProfileView.swift */,
				CD47BC1F291D8B730083E983 /* CreateProfileView.swift */,
				CD47BC23291D8EBE0083E983 /* InputName.swift */,
				CD47BC27291D8EFF0083E983 /* InputUsername.swift */,
				CD47BC21291D8D410083E983 /* UploadProfilePicture.swift */,
			);
			path = Profile;
			sourceTree = "<group>";
		};
		CDF4D138291CA48B0071F603 /* Navigation */ = {
			isa = PBXGroup;
			children = (
				C4A2E7BA2919E1CA00D15DE1 /* navBar.swift */,
				CDF4D141291CA5B30071F603 /* profileButton.swift */,
				CDF4D13F291CA5820071F603 /* friendButton.swift */,
				CDF4D13D291CA54A0071F603 /* postButton.swift */,
				CDF4D13B291CA4FD0071F603 /* notificationButton.swift */,
				CDF4D139291CA4A40071F603 /* homeButton.swift */,
			);
			path = Navigation;
			sourceTree = "<group>";
		};
		CDF4D143291CA96D0071F603 /* Home */ = {
			isa = PBXGroup;
			children = (
				C4A2E7BE2919EBDE00D15DE1 /* PostScroll.swift */,
				C4A2E7AE2919DD8A00D15DE1 /* ContentView.swift */,
				CDF4D148291CAA520071F603 /* HomeView.swift */,
				CDF4D144291CA9870071F603 /* Logo.swift */,
				FC6934CD293938A8004D06FB /* Search.swift */,
				FC6934CF29396FFF004D06FB /* SearchView.swift */,
			);
			path = Home;
			sourceTree = "<group>";
		};
		FC6B0128293857EB00AFE1E8 /* EatRealTests */ = {
			isa = PBXGroup;
			children = (
				FC6B01212938566C00AFE1E8 /* PostTests.swift */,
				FC6934D2293FA29D004D06FB /* UserTests.swift */,
			);
			path = EatRealTests;
			sourceTree = "<group>";
		};
		FC6B013129385A1600AFE1E8 /* Frameworks */ = {
			isa = PBXGroup;
			children = (
			);
			name = Frameworks;
			sourceTree = "<group>";
		};
		FCE4B8EB291B69A3004ED90E /* Models */ = {
			isa = PBXGroup;
			children = (
				FCE4B8EC291B69B3004ED90E /* Firebase.swift */,
				FCE4B8F0291B6BFA004ED90E /* User.swift */,
				FCE4B8F3291B6C23004ED90E /* Post.swift */,
				FCE4B8FA291C542E004ED90E /* Image.swift */,
			);
			path = Models;
			sourceTree = "<group>";
		};
		FCE4B8F7291B6DEB004ED90E /* Resources */ = {
			isa = PBXGroup;
			children = (
				FCE4B8F8291B6E67004ED90E /* group_pic.png */,
			);
			path = Resources;
			sourceTree = "<group>";
		};
/* End PBXGroup section */

/* Begin PBXNativeTarget section */
		C4A2E7A82919DD8A00D15DE1 /* EatReal */ = {
			isa = PBXNativeTarget;
			buildConfigurationList = C4A2E7B72919DD8B00D15DE1 /* Build configuration list for PBXNativeTarget "EatReal" */;
			buildPhases = (
				C4A2E7A52919DD8A00D15DE1 /* Sources */,
				C4A2E7A62919DD8A00D15DE1 /* Frameworks */,
				C4A2E7A72919DD8A00D15DE1 /* Resources */,
			);
			buildRules = (
			);
			dependencies = (
			);
			name = EatReal;
			packageProductDependencies = (
				FCE4B8DB291B68EF004ED90E /* FirebaseAnalytics */,
				FCE4B8DD291B68EF004ED90E /* FirebaseAnalyticsSwift */,
				FCE4B8DF291B68EF004ED90E /* FirebaseDatabase */,
				FCE4B8E1291B68EF004ED90E /* FirebaseDatabaseSwift */,
				FCE4B8E3291B68EF004ED90E /* FirebaseFirestore */,
				FCE4B8E5291B68EF004ED90E /* FirebaseFirestoreSwift */,
				FCE4B8E7291B68EF004ED90E /* FirebaseStorage */,
				FCE4B8E9291B68EF004ED90E /* FirebaseStorageCombine-Community */,
				C4A2E7DD291B6FFF00D15DE1 /* Alamofire */,
			);
			productName = "EatReall-App";
			productReference = C4A2E7A92919DD8A00D15DE1 /* EatReal.app */;
			productType = "com.apple.product-type.application";
		};
		FC6B0126293857EB00AFE1E8 /* EatRealTests */ = {
			isa = PBXNativeTarget;
			buildConfigurationList = FC6B012D293857EB00AFE1E8 /* Build configuration list for PBXNativeTarget "EatRealTests" */;
			buildPhases = (
				FC6B0123293857EB00AFE1E8 /* Sources */,
				FC6B0124293857EB00AFE1E8 /* Frameworks */,
				FC6B0125293857EB00AFE1E8 /* Resources */,
			);
			buildRules = (
			);
			dependencies = (
				FC6B012C293857EB00AFE1E8 /* PBXTargetDependency */,
			);
			name = EatRealTests;
			packageProductDependencies = (
				FC6B013229385A1600AFE1E8 /* FirebaseAnalytics */,
				FC6B013429385A1600AFE1E8 /* FirebaseAnalyticsOnDeviceConversion */,
				FC6B013629385A1600AFE1E8 /* FirebaseAnalyticsSwift */,
				FC6B013829385A1600AFE1E8 /* FirebaseAnalyticsWithoutAdIdSupport */,
				FC6B013A29385A1600AFE1E8 /* FirebaseAppCheck */,
				FC6B013C29385A1600AFE1E8 /* FirebaseAppDistribution-Beta */,
				FC6B013E29385A1600AFE1E8 /* FirebaseAuth */,
				FC6B014029385A1600AFE1E8 /* FirebaseAuthCombine-Community */,
				FC6B014229385A1600AFE1E8 /* FirebaseCrashlytics */,
				FC6B014429385A1600AFE1E8 /* FirebaseDatabase */,
				FC6B014629385A1600AFE1E8 /* FirebaseDatabaseSwift */,
				FC6B014829385A1600AFE1E8 /* FirebaseDynamicLinks */,
				FC6B014A29385A1600AFE1E8 /* FirebaseFirestore */,
				FC6B014C29385A1600AFE1E8 /* FirebaseFirestoreCombine-Community */,
				FC6B014E29385A1600AFE1E8 /* FirebaseFirestoreSwift */,
				FC6B015029385A1600AFE1E8 /* FirebaseFunctions */,
				FC6B015229385A1600AFE1E8 /* FirebaseFunctionsCombine-Community */,
				FC6B015429385A1600AFE1E8 /* FirebaseInAppMessaging-Beta */,
				FC6B015629385A1600AFE1E8 /* FirebaseInAppMessagingSwift-Beta */,
				FC6B015829385A1600AFE1E8 /* FirebaseInstallations */,
				FC6B015A29385A1600AFE1E8 /* FirebaseMessaging */,
				FC6B015C29385A1600AFE1E8 /* FirebaseMLModelDownloader */,
				FC6B015E29385A1600AFE1E8 /* FirebasePerformance */,
				FC6B016029385A1600AFE1E8 /* FirebaseRemoteConfig */,
				FC6B016229385A1600AFE1E8 /* FirebaseRemoteConfigSwift */,
				FC6B016429385A1600AFE1E8 /* FirebaseStorage */,
				FC6B016629385A1600AFE1E8 /* FirebaseStorageCombine-Community */,
			);
			productName = EatRealTests;
			productReference = FC6B0127293857EB00AFE1E8 /* EatRealTests.xctest */;
			productType = "com.apple.product-type.bundle.unit-test";
		};
/* End PBXNativeTarget section */

/* Begin PBXProject section */
		C4A2E7A12919DD8A00D15DE1 /* Project object */ = {
			isa = PBXProject;
			attributes = {
				BuildIndependentTargetsInParallel = 1;
				LastSwiftUpdateCheck = 1410;
				LastUpgradeCheck = 1400;
				TargetAttributes = {
					C4A2E7A82919DD8A00D15DE1 = {
						CreatedOnToolsVersion = 14.0.1;
					};
					FC6B0126293857EB00AFE1E8 = {
						CreatedOnToolsVersion = 14.1;
						TestTargetID = C4A2E7A82919DD8A00D15DE1;
					};
				};
			};
			buildConfigurationList = C4A2E7A42919DD8A00D15DE1 /* Build configuration list for PBXProject "EatReal" */;
			compatibilityVersion = "Xcode 14.0";
			developmentRegion = en;
			hasScannedForEncodings = 0;
			knownRegions = (
				en,
				Base,
			);
			mainGroup = C4A2E7A02919DD8A00D15DE1;
			packageReferences = (
				FCE4B8DA291B68EF004ED90E /* XCRemoteSwiftPackageReference "firebase-ios-sdk" */,
				C4A2E7DC291B6FFE00D15DE1 /* XCRemoteSwiftPackageReference "Alamofire" */,
			);
			productRefGroup = C4A2E7AA2919DD8A00D15DE1 /* Products */;
			projectDirPath = "";
			projectRoot = "";
			targets = (
				C4A2E7A82919DD8A00D15DE1 /* EatReal */,
				FC6B0126293857EB00AFE1E8 /* EatRealTests */,
			);
		};
/* End PBXProject section */

/* Begin PBXResourcesBuildPhase section */
		C4A2E7A72919DD8A00D15DE1 /* Resources */ = {
			isa = PBXResourcesBuildPhase;
			buildActionMask = 2147483647;
			files = (
				FCE4B8FD291C7EDA004ED90E /* image-placeholder.jpeg in Resources */,
				FC62FC2129380B7000C8D218 /* GoogleService-Info.plist in Resources */,
				FCE4B8F9291B6E67004ED90E /* group_pic.png in Resources */,
				C4A2E7B42919DD8B00D15DE1 /* Preview Assets.xcassets in Resources */,
				C4A2E7B12919DD8B00D15DE1 /* Assets.xcassets in Resources */,
			);
			runOnlyForDeploymentPostprocessing = 0;
		};
		FC6B0125293857EB00AFE1E8 /* Resources */ = {
			isa = PBXResourcesBuildPhase;
			buildActionMask = 2147483647;
			files = (
			);
			runOnlyForDeploymentPostprocessing = 0;
		};
/* End PBXResourcesBuildPhase section */

/* Begin PBXSourcesBuildPhase section */
		C4A2E7A52919DD8A00D15DE1 /* Sources */ = {
			isa = PBXSourcesBuildPhase;
			buildActionMask = 2147483647;
			files = (
				FCE4B8F1291B6BFA004ED90E /* User.swift in Sources */,
				C461BE4229241D2800E5E70A /* SelfieCameraView.swift in Sources */,
				CDE681C2291ADA8000AF8BFD /* SingleNotificationView.swift in Sources */,
				C4DA1A042926B135005FDC1C /* ViewRouter.swift in Sources */,
				CD47BC24291D8EBE0083E983 /* InputName.swift in Sources */,
				CDE65761291AF7E000EA3CE8 /* ProfileView.swift in Sources */,
				CD47BC28291D8EFF0083E983 /* InputUsername.swift in Sources */,
				C4A2E80A291D920300D15DE1 /* RatingReview.swift in Sources */,
				CDF4D140291CA5820071F603 /* friendButton.swift in Sources */,
				C4A2E83B291DEB0C00D15DE1 /* ImagePicker.swift in Sources */,
				FC6934D029396FFF004D06FB /* SearchView.swift in Sources */,
				C4A2E7E6291B72D700D15DE1 /* FoodCameraView.swift in Sources */,
				C4A2E7BB2919E1CA00D15DE1 /* navBar.swift in Sources */,
				CDF4D13E291CA54A0071F603 /* postButton.swift in Sources */,
				FC6934D5293FD613004D06FB /* PreviewUserView.swift in Sources */,
				C4A2E7E1291B712F00D15DE1 /* LandingView.swift in Sources */,
				CDE65769291B422A00EA3CE8 /* SearchFriendView.swift in Sources */,
				FCE4B8F4291B6C23004ED90E /* Post.swift in Sources */,
				CDF4D13A291CA4A40071F603 /* homeButton.swift in Sources */,
				CD47BC22291D8D410083E983 /* UploadProfilePicture.swift in Sources */,
				CDF4D145291CA9870071F603 /* Logo.swift in Sources */,
				C4A2E834291DE2CF00D15DE1 /* EmbeddedCameraView.swift in Sources */,
				C4A2E837291DE6EB00D15DE1 /* ViewModel.swift in Sources */,
				CDE681C0291AD7BD00AF8BFD /* NotificationScroll.swift in Sources */,
				C4A2E7BF2919EBDE00D15DE1 /* PostScroll.swift in Sources */,
				FC6934CE293938A8004D06FB /* Search.swift in Sources */,
				FCE4B8ED291B69B3004ED90E /* Firebase.swift in Sources */,
				CDF4D149291CAA520071F603 /* HomeView.swift in Sources */,
				C4A2E808291D884900D15DE1 /* FormView.swift in Sources */,
				CDE681BE291AD77600AF8BFD /* NotificationView.swift in Sources */,
				C4A2E7AF2919DD8A00D15DE1 /* ContentView.swift in Sources */,
				FCE4B8FB291C542E004ED90E /* Image.swift in Sources */,
				C4A2E803291D84EE00D15DE1 /* AddReview.swift in Sources */,
				C4A2E7C12919EFF700D15DE1 /* PostView.swift in Sources */,
				CD47BC20291D8B730083E983 /* CreateProfileView.swift in Sources */,
				CDF4D142291CA5B30071F603 /* profileButton.swift in Sources */,
				CDE65765291AF89E00EA3CE8 /* FriendView.swift in Sources */,
				C4A2E7AD2919DD8A00D15DE1 /* EatReal_App.swift in Sources */,
				C4A2E7E4291B724200D15DE1 /* ImagePickerView.swift in Sources */,
				C4A2E80C291D9CD100D15DE1 /* TextReview.swift in Sources */,
				FC62FC1B2926AD2900C8D218 /* AsyncImage.swift in Sources */,
				CDF4D13C291CA4FD0071F603 /* notificationButton.swift in Sources */,
			);
			runOnlyForDeploymentPostprocessing = 0;
		};
		FC6B0123293857EB00AFE1E8 /* Sources */ = {
			isa = PBXSourcesBuildPhase;
			buildActionMask = 2147483647;
			files = (
				FC6934D3293FA29D004D06FB /* UserTests.swift in Sources */,
				FC6B0130293857F900AFE1E8 /* PostTests.swift in Sources */,
			);
			runOnlyForDeploymentPostprocessing = 0;
		};
/* End PBXSourcesBuildPhase section */

/* Begin PBXTargetDependency section */
		FC6B012C293857EB00AFE1E8 /* PBXTargetDependency */ = {
			isa = PBXTargetDependency;
			target = C4A2E7A82919DD8A00D15DE1 /* EatReal */;
			targetProxy = FC6B012B293857EB00AFE1E8 /* PBXContainerItemProxy */;
		};
/* End PBXTargetDependency section */

/* Begin XCBuildConfiguration section */
		C4A2E7B52919DD8B00D15DE1 /* Debug */ = {
			isa = XCBuildConfiguration;
			buildSettings = {
				ALWAYS_SEARCH_USER_PATHS = NO;
				CLANG_ANALYZER_NONNULL = YES;
				CLANG_ANALYZER_NUMBER_OBJECT_CONVERSION = YES_AGGRESSIVE;
				CLANG_CXX_LANGUAGE_STANDARD = "gnu++20";
				CLANG_ENABLE_MODULES = YES;
				CLANG_ENABLE_OBJC_ARC = YES;
				CLANG_ENABLE_OBJC_WEAK = YES;
				CLANG_WARN_BLOCK_CAPTURE_AUTORELEASING = YES;
				CLANG_WARN_BOOL_CONVERSION = YES;
				CLANG_WARN_COMMA = YES;
				CLANG_WARN_CONSTANT_CONVERSION = YES;
				CLANG_WARN_DEPRECATED_OBJC_IMPLEMENTATIONS = YES;
				CLANG_WARN_DIRECT_OBJC_ISA_USAGE = YES_ERROR;
				CLANG_WARN_DOCUMENTATION_COMMENTS = YES;
				CLANG_WARN_EMPTY_BODY = YES;
				CLANG_WARN_ENUM_CONVERSION = YES;
				CLANG_WARN_INFINITE_RECURSION = YES;
				CLANG_WARN_INT_CONVERSION = YES;
				CLANG_WARN_NON_LITERAL_NULL_CONVERSION = YES;
				CLANG_WARN_OBJC_IMPLICIT_RETAIN_SELF = YES;
				CLANG_WARN_OBJC_LITERAL_CONVERSION = YES;
				CLANG_WARN_OBJC_ROOT_CLASS = YES_ERROR;
				CLANG_WARN_QUOTED_INCLUDE_IN_FRAMEWORK_HEADER = YES;
				CLANG_WARN_RANGE_LOOP_ANALYSIS = YES;
				CLANG_WARN_STRICT_PROTOTYPES = YES;
				CLANG_WARN_SUSPICIOUS_MOVE = YES;
				CLANG_WARN_UNGUARDED_AVAILABILITY = YES_AGGRESSIVE;
				CLANG_WARN_UNREACHABLE_CODE = YES;
				CLANG_WARN__DUPLICATE_METHOD_MATCH = YES;
				COPY_PHASE_STRIP = NO;
				DEBUG_INFORMATION_FORMAT = dwarf;
				ENABLE_STRICT_OBJC_MSGSEND = YES;
				ENABLE_TESTABILITY = YES;
				GCC_C_LANGUAGE_STANDARD = gnu11;
				GCC_DYNAMIC_NO_PIC = NO;
				GCC_NO_COMMON_BLOCKS = YES;
				GCC_OPTIMIZATION_LEVEL = 0;
				GCC_PREPROCESSOR_DEFINITIONS = (
					"DEBUG=1",
					"$(inherited)",
				);
				GCC_WARN_64_TO_32_BIT_CONVERSION = YES;
				GCC_WARN_ABOUT_RETURN_TYPE = YES_ERROR;
				GCC_WARN_UNDECLARED_SELECTOR = YES;
				GCC_WARN_UNINITIALIZED_AUTOS = YES_AGGRESSIVE;
				GCC_WARN_UNUSED_FUNCTION = YES;
				GCC_WARN_UNUSED_VARIABLE = YES;
				IPHONEOS_DEPLOYMENT_TARGET = 16.0;
				MTL_ENABLE_DEBUG_INFO = INCLUDE_SOURCE;
				MTL_FAST_MATH = YES;
				ONLY_ACTIVE_ARCH = YES;
				SDKROOT = iphoneos;
				SWIFT_ACTIVE_COMPILATION_CONDITIONS = DEBUG;
				SWIFT_OPTIMIZATION_LEVEL = "-Onone";
			};
			name = Debug;
		};
		C4A2E7B62919DD8B00D15DE1 /* Release */ = {
			isa = XCBuildConfiguration;
			buildSettings = {
				ALWAYS_SEARCH_USER_PATHS = NO;
				CLANG_ANALYZER_NONNULL = YES;
				CLANG_ANALYZER_NUMBER_OBJECT_CONVERSION = YES_AGGRESSIVE;
				CLANG_CXX_LANGUAGE_STANDARD = "gnu++20";
				CLANG_ENABLE_MODULES = YES;
				CLANG_ENABLE_OBJC_ARC = YES;
				CLANG_ENABLE_OBJC_WEAK = YES;
				CLANG_WARN_BLOCK_CAPTURE_AUTORELEASING = YES;
				CLANG_WARN_BOOL_CONVERSION = YES;
				CLANG_WARN_COMMA = YES;
				CLANG_WARN_CONSTANT_CONVERSION = YES;
				CLANG_WARN_DEPRECATED_OBJC_IMPLEMENTATIONS = YES;
				CLANG_WARN_DIRECT_OBJC_ISA_USAGE = YES_ERROR;
				CLANG_WARN_DOCUMENTATION_COMMENTS = YES;
				CLANG_WARN_EMPTY_BODY = YES;
				CLANG_WARN_ENUM_CONVERSION = YES;
				CLANG_WARN_INFINITE_RECURSION = YES;
				CLANG_WARN_INT_CONVERSION = YES;
				CLANG_WARN_NON_LITERAL_NULL_CONVERSION = YES;
				CLANG_WARN_OBJC_IMPLICIT_RETAIN_SELF = YES;
				CLANG_WARN_OBJC_LITERAL_CONVERSION = YES;
				CLANG_WARN_OBJC_ROOT_CLASS = YES_ERROR;
				CLANG_WARN_QUOTED_INCLUDE_IN_FRAMEWORK_HEADER = YES;
				CLANG_WARN_RANGE_LOOP_ANALYSIS = YES;
				CLANG_WARN_STRICT_PROTOTYPES = YES;
				CLANG_WARN_SUSPICIOUS_MOVE = YES;
				CLANG_WARN_UNGUARDED_AVAILABILITY = YES_AGGRESSIVE;
				CLANG_WARN_UNREACHABLE_CODE = YES;
				CLANG_WARN__DUPLICATE_METHOD_MATCH = YES;
				COPY_PHASE_STRIP = NO;
				DEBUG_INFORMATION_FORMAT = "dwarf-with-dsym";
				ENABLE_NS_ASSERTIONS = NO;
				ENABLE_STRICT_OBJC_MSGSEND = YES;
				GCC_C_LANGUAGE_STANDARD = gnu11;
				GCC_NO_COMMON_BLOCKS = YES;
				GCC_WARN_64_TO_32_BIT_CONVERSION = YES;
				GCC_WARN_ABOUT_RETURN_TYPE = YES_ERROR;
				GCC_WARN_UNDECLARED_SELECTOR = YES;
				GCC_WARN_UNINITIALIZED_AUTOS = YES_AGGRESSIVE;
				GCC_WARN_UNUSED_FUNCTION = YES;
				GCC_WARN_UNUSED_VARIABLE = YES;
				IPHONEOS_DEPLOYMENT_TARGET = 16.0;
				MTL_ENABLE_DEBUG_INFO = NO;
				MTL_FAST_MATH = YES;
				SDKROOT = iphoneos;
				SWIFT_COMPILATION_MODE = wholemodule;
				SWIFT_OPTIMIZATION_LEVEL = "-O";
				VALIDATE_PRODUCT = YES;
			};
			name = Release;
		};
		C4A2E7B82919DD8B00D15DE1 /* Debug */ = {
			isa = XCBuildConfiguration;
			buildSettings = {
				ASSETCATALOG_COMPILER_APPICON_NAME = AppIcon;
				ASSETCATALOG_COMPILER_GLOBAL_ACCENT_COLOR_NAME = AccentColor;
				CODE_SIGN_STYLE = Automatic;
				CURRENT_PROJECT_VERSION = 1;
				DEVELOPMENT_ASSET_PATHS = "\"EatReal/Preview Content\"";
				DEVELOPMENT_TEAM = M324XRK2LM;
				ENABLE_PREVIEWS = YES;
				GENERATE_INFOPLIST_FILE = YES;
				INFOPLIST_FILE = "EatReal-Info.plist";
				INFOPLIST_KEY_NSCameraUsageDescription = 1.0;
				INFOPLIST_KEY_NSPhotoLibraryUsageDescription = "Access to Photo Library needed to upload pictures";
				INFOPLIST_KEY_UIApplicationSceneManifest_Generation = YES;
				INFOPLIST_KEY_UIApplicationSupportsIndirectInputEvents = YES;
				INFOPLIST_KEY_UILaunchScreen_Generation = YES;
				INFOPLIST_KEY_UISupportedInterfaceOrientations_iPad = "UIInterfaceOrientationPortrait UIInterfaceOrientationPortraitUpsideDown UIInterfaceOrientationLandscapeLeft UIInterfaceOrientationLandscapeRight";
				INFOPLIST_KEY_UISupportedInterfaceOrientations_iPhone = "UIInterfaceOrientationPortrait UIInterfaceOrientationLandscapeLeft UIInterfaceOrientationLandscapeRight";
				LD_RUNPATH_SEARCH_PATHS = (
					"$(inherited)",
					"@executable_path/Frameworks",
				);
				MARKETING_VERSION = 1.0;
				PRODUCT_BUNDLE_IDENTIFIER = "CMU443F22.EatReall-App";
				PRODUCT_NAME = "$(TARGET_NAME)";
				SWIFT_EMIT_LOC_STRINGS = YES;
				SWIFT_VERSION = 5.0;
				TARGETED_DEVICE_FAMILY = "1,2";
			};
			name = Debug;
		};
		C4A2E7B92919DD8B00D15DE1 /* Release */ = {
			isa = XCBuildConfiguration;
			buildSettings = {
				ASSETCATALOG_COMPILER_APPICON_NAME = AppIcon;
				ASSETCATALOG_COMPILER_GLOBAL_ACCENT_COLOR_NAME = AccentColor;
				CODE_SIGN_STYLE = Automatic;
				CURRENT_PROJECT_VERSION = 1;
				DEVELOPMENT_ASSET_PATHS = "\"EatReal/Preview Content\"";
				DEVELOPMENT_TEAM = WJ53H49GSL;
				ENABLE_PREVIEWS = YES;
				GENERATE_INFOPLIST_FILE = YES;
				INFOPLIST_FILE = "EatReal-Info.plist";
				INFOPLIST_KEY_NSCameraUsageDescription = 1.0;
				INFOPLIST_KEY_NSPhotoLibraryUsageDescription = "Access to Photo Library needed to upload pictures";
				INFOPLIST_KEY_UIApplicationSceneManifest_Generation = YES;
				INFOPLIST_KEY_UIApplicationSupportsIndirectInputEvents = YES;
				INFOPLIST_KEY_UILaunchScreen_Generation = YES;
				INFOPLIST_KEY_UISupportedInterfaceOrientations_iPad = "UIInterfaceOrientationPortrait UIInterfaceOrientationPortraitUpsideDown UIInterfaceOrientationLandscapeLeft UIInterfaceOrientationLandscapeRight";
				INFOPLIST_KEY_UISupportedInterfaceOrientations_iPhone = "UIInterfaceOrientationPortrait UIInterfaceOrientationLandscapeLeft UIInterfaceOrientationLandscapeRight";
				LD_RUNPATH_SEARCH_PATHS = (
					"$(inherited)",
					"@executable_path/Frameworks",
				);
				MARKETING_VERSION = 1.0;
				PRODUCT_BUNDLE_IDENTIFIER = "CMU443F22.EatReall-App";
				PRODUCT_NAME = "$(TARGET_NAME)";
				SWIFT_EMIT_LOC_STRINGS = YES;
				SWIFT_VERSION = 5.0;
				TARGETED_DEVICE_FAMILY = "1,2";
			};
			name = Release;
		};
		FC6B012E293857EB00AFE1E8 /* Debug */ = {
			isa = XCBuildConfiguration;
			buildSettings = {
				BUNDLE_LOADER = "$(TEST_HOST)";
				CODE_SIGN_STYLE = Automatic;
				CURRENT_PROJECT_VERSION = 1;
				GENERATE_INFOPLIST_FILE = YES;
				IPHONEOS_DEPLOYMENT_TARGET = 16.1;
				MARKETING_VERSION = 1.0;
				PRODUCT_BUNDLE_IDENTIFIER = lsunxh.EatRealTests;
				PRODUCT_NAME = "$(TARGET_NAME)";
				SWIFT_EMIT_LOC_STRINGS = NO;
				SWIFT_VERSION = 5.0;
				TARGETED_DEVICE_FAMILY = "1,2";
				TEST_HOST = "$(BUILT_PRODUCTS_DIR)/EatReal.app/$(BUNDLE_EXECUTABLE_FOLDER_PATH)/EatReal";
			};
			name = Debug;
		};
		FC6B012F293857EB00AFE1E8 /* Release */ = {
			isa = XCBuildConfiguration;
			buildSettings = {
				BUNDLE_LOADER = "$(TEST_HOST)";
				CODE_SIGN_STYLE = Automatic;
				CURRENT_PROJECT_VERSION = 1;
				GENERATE_INFOPLIST_FILE = YES;
				IPHONEOS_DEPLOYMENT_TARGET = 16.1;
				MARKETING_VERSION = 1.0;
				PRODUCT_BUNDLE_IDENTIFIER = lsunxh.EatRealTests;
				PRODUCT_NAME = "$(TARGET_NAME)";
				SWIFT_EMIT_LOC_STRINGS = NO;
				SWIFT_VERSION = 5.0;
				TARGETED_DEVICE_FAMILY = "1,2";
				TEST_HOST = "$(BUILT_PRODUCTS_DIR)/EatReal.app/$(BUNDLE_EXECUTABLE_FOLDER_PATH)/EatReal";
			};
			name = Release;
		};
/* End XCBuildConfiguration section */

/* Begin XCConfigurationList section */
		C4A2E7A42919DD8A00D15DE1 /* Build configuration list for PBXProject "EatReal" */ = {
			isa = XCConfigurationList;
			buildConfigurations = (
				C4A2E7B52919DD8B00D15DE1 /* Debug */,
				C4A2E7B62919DD8B00D15DE1 /* Release */,
			);
			defaultConfigurationIsVisible = 0;
			defaultConfigurationName = Release;
		};
		C4A2E7B72919DD8B00D15DE1 /* Build configuration list for PBXNativeTarget "EatReal" */ = {
			isa = XCConfigurationList;
			buildConfigurations = (
				C4A2E7B82919DD8B00D15DE1 /* Debug */,
				C4A2E7B92919DD8B00D15DE1 /* Release */,
			);
			defaultConfigurationIsVisible = 0;
			defaultConfigurationName = Release;
		};
		FC6B012D293857EB00AFE1E8 /* Build configuration list for PBXNativeTarget "EatRealTests" */ = {
			isa = XCConfigurationList;
			buildConfigurations = (
				FC6B012E293857EB00AFE1E8 /* Debug */,
				FC6B012F293857EB00AFE1E8 /* Release */,
			);
			defaultConfigurationIsVisible = 0;
			defaultConfigurationName = Release;
		};
/* End XCConfigurationList section */

/* Begin XCRemoteSwiftPackageReference section */
		C4A2E7DC291B6FFE00D15DE1 /* XCRemoteSwiftPackageReference "Alamofire" */ = {
			isa = XCRemoteSwiftPackageReference;
			repositoryURL = "https://github.com/Alamofire/Alamofire.git";
			requirement = {
				branch = master;
				kind = branch;
			};
		};
		FCE4B8DA291B68EF004ED90E /* XCRemoteSwiftPackageReference "firebase-ios-sdk" */ = {
			isa = XCRemoteSwiftPackageReference;
			repositoryURL = "https://github.com/firebase/firebase-ios-sdk";
			requirement = {
				branch = master;
				kind = branch;
			};
		};
/* End XCRemoteSwiftPackageReference section */

/* Begin XCSwiftPackageProductDependency section */
		C4A2E7DD291B6FFF00D15DE1 /* Alamofire */ = {
			isa = XCSwiftPackageProductDependency;
			package = C4A2E7DC291B6FFE00D15DE1 /* XCRemoteSwiftPackageReference "Alamofire" */;
			productName = Alamofire;
		};
		FC6B013229385A1600AFE1E8 /* FirebaseAnalytics */ = {
			isa = XCSwiftPackageProductDependency;
			package = FCE4B8DA291B68EF004ED90E /* XCRemoteSwiftPackageReference "firebase-ios-sdk" */;
			productName = FirebaseAnalytics;
		};
		FC6B013429385A1600AFE1E8 /* FirebaseAnalyticsOnDeviceConversion */ = {
			isa = XCSwiftPackageProductDependency;
			package = FCE4B8DA291B68EF004ED90E /* XCRemoteSwiftPackageReference "firebase-ios-sdk" */;
			productName = FirebaseAnalyticsOnDeviceConversion;
		};
		FC6B013629385A1600AFE1E8 /* FirebaseAnalyticsSwift */ = {
			isa = XCSwiftPackageProductDependency;
			package = FCE4B8DA291B68EF004ED90E /* XCRemoteSwiftPackageReference "firebase-ios-sdk" */;
			productName = FirebaseAnalyticsSwift;
		};
		FC6B013829385A1600AFE1E8 /* FirebaseAnalyticsWithoutAdIdSupport */ = {
			isa = XCSwiftPackageProductDependency;
			package = FCE4B8DA291B68EF004ED90E /* XCRemoteSwiftPackageReference "firebase-ios-sdk" */;
			productName = FirebaseAnalyticsWithoutAdIdSupport;
		};
		FC6B013A29385A1600AFE1E8 /* FirebaseAppCheck */ = {
			isa = XCSwiftPackageProductDependency;
			package = FCE4B8DA291B68EF004ED90E /* XCRemoteSwiftPackageReference "firebase-ios-sdk" */;
			productName = FirebaseAppCheck;
		};
		FC6B013C29385A1600AFE1E8 /* FirebaseAppDistribution-Beta */ = {
			isa = XCSwiftPackageProductDependency;
			package = FCE4B8DA291B68EF004ED90E /* XCRemoteSwiftPackageReference "firebase-ios-sdk" */;
			productName = "FirebaseAppDistribution-Beta";
		};
		FC6B013E29385A1600AFE1E8 /* FirebaseAuth */ = {
			isa = XCSwiftPackageProductDependency;
			package = FCE4B8DA291B68EF004ED90E /* XCRemoteSwiftPackageReference "firebase-ios-sdk" */;
			productName = FirebaseAuth;
		};
		FC6B014029385A1600AFE1E8 /* FirebaseAuthCombine-Community */ = {
			isa = XCSwiftPackageProductDependency;
			package = FCE4B8DA291B68EF004ED90E /* XCRemoteSwiftPackageReference "firebase-ios-sdk" */;
			productName = "FirebaseAuthCombine-Community";
		};
		FC6B014229385A1600AFE1E8 /* FirebaseCrashlytics */ = {
			isa = XCSwiftPackageProductDependency;
			package = FCE4B8DA291B68EF004ED90E /* XCRemoteSwiftPackageReference "firebase-ios-sdk" */;
			productName = FirebaseCrashlytics;
		};
		FC6B014429385A1600AFE1E8 /* FirebaseDatabase */ = {
			isa = XCSwiftPackageProductDependency;
			package = FCE4B8DA291B68EF004ED90E /* XCRemoteSwiftPackageReference "firebase-ios-sdk" */;
			productName = FirebaseDatabase;
		};
		FC6B014629385A1600AFE1E8 /* FirebaseDatabaseSwift */ = {
			isa = XCSwiftPackageProductDependency;
			package = FCE4B8DA291B68EF004ED90E /* XCRemoteSwiftPackageReference "firebase-ios-sdk" */;
			productName = FirebaseDatabaseSwift;
		};
		FC6B014829385A1600AFE1E8 /* FirebaseDynamicLinks */ = {
			isa = XCSwiftPackageProductDependency;
			package = FCE4B8DA291B68EF004ED90E /* XCRemoteSwiftPackageReference "firebase-ios-sdk" */;
			productName = FirebaseDynamicLinks;
		};
		FC6B014A29385A1600AFE1E8 /* FirebaseFirestore */ = {
			isa = XCSwiftPackageProductDependency;
			package = FCE4B8DA291B68EF004ED90E /* XCRemoteSwiftPackageReference "firebase-ios-sdk" */;
			productName = FirebaseFirestore;
		};
		FC6B014C29385A1600AFE1E8 /* FirebaseFirestoreCombine-Community */ = {
			isa = XCSwiftPackageProductDependency;
			package = FCE4B8DA291B68EF004ED90E /* XCRemoteSwiftPackageReference "firebase-ios-sdk" */;
			productName = "FirebaseFirestoreCombine-Community";
		};
		FC6B014E29385A1600AFE1E8 /* FirebaseFirestoreSwift */ = {
			isa = XCSwiftPackageProductDependency;
			package = FCE4B8DA291B68EF004ED90E /* XCRemoteSwiftPackageReference "firebase-ios-sdk" */;
			productName = FirebaseFirestoreSwift;
		};
		FC6B015029385A1600AFE1E8 /* FirebaseFunctions */ = {
			isa = XCSwiftPackageProductDependency;
			package = FCE4B8DA291B68EF004ED90E /* XCRemoteSwiftPackageReference "firebase-ios-sdk" */;
			productName = FirebaseFunctions;
		};
		FC6B015229385A1600AFE1E8 /* FirebaseFunctionsCombine-Community */ = {
			isa = XCSwiftPackageProductDependency;
			package = FCE4B8DA291B68EF004ED90E /* XCRemoteSwiftPackageReference "firebase-ios-sdk" */;
			productName = "FirebaseFunctionsCombine-Community";
		};
		FC6B015429385A1600AFE1E8 /* FirebaseInAppMessaging-Beta */ = {
			isa = XCSwiftPackageProductDependency;
			package = FCE4B8DA291B68EF004ED90E /* XCRemoteSwiftPackageReference "firebase-ios-sdk" */;
			productName = "FirebaseInAppMessaging-Beta";
		};
		FC6B015629385A1600AFE1E8 /* FirebaseInAppMessagingSwift-Beta */ = {
			isa = XCSwiftPackageProductDependency;
			package = FCE4B8DA291B68EF004ED90E /* XCRemoteSwiftPackageReference "firebase-ios-sdk" */;
			productName = "FirebaseInAppMessagingSwift-Beta";
		};
		FC6B015829385A1600AFE1E8 /* FirebaseInstallations */ = {
			isa = XCSwiftPackageProductDependency;
			package = FCE4B8DA291B68EF004ED90E /* XCRemoteSwiftPackageReference "firebase-ios-sdk" */;
			productName = FirebaseInstallations;
		};
		FC6B015A29385A1600AFE1E8 /* FirebaseMessaging */ = {
			isa = XCSwiftPackageProductDependency;
			package = FCE4B8DA291B68EF004ED90E /* XCRemoteSwiftPackageReference "firebase-ios-sdk" */;
			productName = FirebaseMessaging;
		};
		FC6B015C29385A1600AFE1E8 /* FirebaseMLModelDownloader */ = {
			isa = XCSwiftPackageProductDependency;
			package = FCE4B8DA291B68EF004ED90E /* XCRemoteSwiftPackageReference "firebase-ios-sdk" */;
			productName = FirebaseMLModelDownloader;
		};
		FC6B015E29385A1600AFE1E8 /* FirebasePerformance */ = {
			isa = XCSwiftPackageProductDependency;
			package = FCE4B8DA291B68EF004ED90E /* XCRemoteSwiftPackageReference "firebase-ios-sdk" */;
			productName = FirebasePerformance;
		};
		FC6B016029385A1600AFE1E8 /* FirebaseRemoteConfig */ = {
			isa = XCSwiftPackageProductDependency;
			package = FCE4B8DA291B68EF004ED90E /* XCRemoteSwiftPackageReference "firebase-ios-sdk" */;
			productName = FirebaseRemoteConfig;
		};
		FC6B016229385A1600AFE1E8 /* FirebaseRemoteConfigSwift */ = {
			isa = XCSwiftPackageProductDependency;
			package = FCE4B8DA291B68EF004ED90E /* XCRemoteSwiftPackageReference "firebase-ios-sdk" */;
			productName = FirebaseRemoteConfigSwift;
		};
		FC6B016429385A1600AFE1E8 /* FirebaseStorage */ = {
			isa = XCSwiftPackageProductDependency;
			package = FCE4B8DA291B68EF004ED90E /* XCRemoteSwiftPackageReference "firebase-ios-sdk" */;
			productName = FirebaseStorage;
		};
		FC6B016629385A1600AFE1E8 /* FirebaseStorageCombine-Community */ = {
			isa = XCSwiftPackageProductDependency;
			package = FCE4B8DA291B68EF004ED90E /* XCRemoteSwiftPackageReference "firebase-ios-sdk" */;
			productName = "FirebaseStorageCombine-Community";
		};
		FCE4B8DB291B68EF004ED90E /* FirebaseAnalytics */ = {
			isa = XCSwiftPackageProductDependency;
			package = FCE4B8DA291B68EF004ED90E /* XCRemoteSwiftPackageReference "firebase-ios-sdk" */;
			productName = FirebaseAnalytics;
		};
		FCE4B8DD291B68EF004ED90E /* FirebaseAnalyticsSwift */ = {
			isa = XCSwiftPackageProductDependency;
			package = FCE4B8DA291B68EF004ED90E /* XCRemoteSwiftPackageReference "firebase-ios-sdk" */;
			productName = FirebaseAnalyticsSwift;
		};
		FCE4B8DF291B68EF004ED90E /* FirebaseDatabase */ = {
			isa = XCSwiftPackageProductDependency;
			package = FCE4B8DA291B68EF004ED90E /* XCRemoteSwiftPackageReference "firebase-ios-sdk" */;
			productName = FirebaseDatabase;
		};
		FCE4B8E1291B68EF004ED90E /* FirebaseDatabaseSwift */ = {
			isa = XCSwiftPackageProductDependency;
			package = FCE4B8DA291B68EF004ED90E /* XCRemoteSwiftPackageReference "firebase-ios-sdk" */;
			productName = FirebaseDatabaseSwift;
		};
		FCE4B8E3291B68EF004ED90E /* FirebaseFirestore */ = {
			isa = XCSwiftPackageProductDependency;
			package = FCE4B8DA291B68EF004ED90E /* XCRemoteSwiftPackageReference "firebase-ios-sdk" */;
			productName = FirebaseFirestore;
		};
		FCE4B8E5291B68EF004ED90E /* FirebaseFirestoreSwift */ = {
			isa = XCSwiftPackageProductDependency;
			package = FCE4B8DA291B68EF004ED90E /* XCRemoteSwiftPackageReference "firebase-ios-sdk" */;
			productName = FirebaseFirestoreSwift;
		};
		FCE4B8E7291B68EF004ED90E /* FirebaseStorage */ = {
			isa = XCSwiftPackageProductDependency;
			package = FCE4B8DA291B68EF004ED90E /* XCRemoteSwiftPackageReference "firebase-ios-sdk" */;
			productName = FirebaseStorage;
		};
		FCE4B8E9291B68EF004ED90E /* FirebaseStorageCombine-Community */ = {
			isa = XCSwiftPackageProductDependency;
			package = FCE4B8DA291B68EF004ED90E /* XCRemoteSwiftPackageReference "firebase-ios-sdk" */;
			productName = "FirebaseStorageCombine-Community";
		};
/* End XCSwiftPackageProductDependency section */
	};
	rootObject = C4A2E7A12919DD8A00D15DE1 /* Project object */;
}
