// !$*UTF8*$!
{
	archiveVersion = 1;
	classes = {
	};
	objectVersion = 56;
	objects = {

/* Begin PBXBuildFile section */
		C4A2E7AD2919DD8A00D15DE1 /* EatReall_AppApp.swift in Sources */ = {isa = PBXBuildFile; fileRef = C4A2E7AC2919DD8A00D15DE1 /* EatReall_AppApp.swift */; };
		C4A2E7AF2919DD8A00D15DE1 /* ContentView.swift in Sources */ = {isa = PBXBuildFile; fileRef = C4A2E7AE2919DD8A00D15DE1 /* ContentView.swift */; };
		C4A2E7B12919DD8B00D15DE1 /* Assets.xcassets in Resources */ = {isa = PBXBuildFile; fileRef = C4A2E7B02919DD8B00D15DE1 /* Assets.xcassets */; };
		C4A2E7B42919DD8B00D15DE1 /* Preview Assets.xcassets in Resources */ = {isa = PBXBuildFile; fileRef = C4A2E7B32919DD8B00D15DE1 /* Preview Assets.xcassets */; };
		C4A2E7BB2919E1CA00D15DE1 /* navBar.swift in Sources */ = {isa = PBXBuildFile; fileRef = C4A2E7BA2919E1CA00D15DE1 /* navBar.swift */; };
		C4A2E7BF2919EBDE00D15DE1 /* PostScroll.swift in Sources */ = {isa = PBXBuildFile; fileRef = C4A2E7BE2919EBDE00D15DE1 /* PostScroll.swift */; };
		C4A2E7C12919EFF700D15DE1 /* PostView.swift in Sources */ = {isa = PBXBuildFile; fileRef = C4A2E7C02919EFF700D15DE1 /* PostView.swift */; };
		C4A2E7DE291B6FFF00D15DE1 /* Alamofire in Frameworks */ = {isa = PBXBuildFile; productRef = C4A2E7DD291B6FFF00D15DE1 /* Alamofire */; };
		C4A2E7E1291B712F00D15DE1 /* LandingView.swift in Sources */ = {isa = PBXBuildFile; fileRef = C4A2E7E0291B712F00D15DE1 /* LandingView.swift */; };
		C4A2E7E4291B724200D15DE1 /* ImagePickerView.swift in Sources */ = {isa = PBXBuildFile; fileRef = C4A2E7E3291B724200D15DE1 /* ImagePickerView.swift */; };
		C4A2E7E6291B72D700D15DE1 /* CameraView.swift in Sources */ = {isa = PBXBuildFile; fileRef = C4A2E7E5291B72D700D15DE1 /* CameraView.swift */; };
		C4A2E803291D84EE00D15DE1 /* AddReview.swift in Sources */ = {isa = PBXBuildFile; fileRef = C4A2E802291D84EE00D15DE1 /* AddReview.swift */; };
		C4A2E808291D884900D15DE1 /* FormView.swift in Sources */ = {isa = PBXBuildFile; fileRef = C4A2E807291D884900D15DE1 /* FormView.swift */; };
		C4A2E80A291D920300D15DE1 /* RatingReview.swift in Sources */ = {isa = PBXBuildFile; fileRef = C4A2E809291D920300D15DE1 /* RatingReview.swift */; };
		C4A2E80C291D9CD100D15DE1 /* TextReview.swift in Sources */ = {isa = PBXBuildFile; fileRef = C4A2E80B291D9CD100D15DE1 /* TextReview.swift */; };
		CD47BC20291D8B730083E983 /* CreateProfileView.swift in Sources */ = {isa = PBXBuildFile; fileRef = CD47BC1F291D8B730083E983 /* CreateProfileView.swift */; };
		CD47BC22291D8D410083E983 /* UploadProfilePicture.swift in Sources */ = {isa = PBXBuildFile; fileRef = CD47BC21291D8D410083E983 /* UploadProfilePicture.swift */; };
		CD47BC24291D8EBE0083E983 /* InputName.swift in Sources */ = {isa = PBXBuildFile; fileRef = CD47BC23291D8EBE0083E983 /* InputName.swift */; };
		CD47BC28291D8EFF0083E983 /* InputUsername.swift in Sources */ = {isa = PBXBuildFile; fileRef = CD47BC27291D8EFF0083E983 /* InputUsername.swift */; };
		CDE65761291AF7E000EA3CE8 /* ProfileView.swift in Sources */ = {isa = PBXBuildFile; fileRef = CDE681C7291AE34000AF8BFD /* ProfileView.swift */; };
		CDE65765291AF89E00EA3CE8 /* FriendView.swift in Sources */ = {isa = PBXBuildFile; fileRef = CDE65764291AF89E00EA3CE8 /* FriendView.swift */; };
		CDE65769291B422A00EA3CE8 /* SearchFriendView.swift in Sources */ = {isa = PBXBuildFile; fileRef = CDE65768291B422A00EA3CE8 /* SearchFriendView.swift */; };
		CDE681BE291AD77600AF8BFD /* NotificationView.swift in Sources */ = {isa = PBXBuildFile; fileRef = CDE681BD291AD77600AF8BFD /* NotificationView.swift */; };
		CDE681C0291AD7BD00AF8BFD /* NotificationScroll.swift in Sources */ = {isa = PBXBuildFile; fileRef = CDE681BF291AD7BD00AF8BFD /* NotificationScroll.swift */; };
		CDE681C2291ADA8000AF8BFD /* SingleNotificationView.swift in Sources */ = {isa = PBXBuildFile; fileRef = CDE681C1291ADA8000AF8BFD /* SingleNotificationView.swift */; };
		CDF4D13A291CA4A40071F603 /* homeButton.swift in Sources */ = {isa = PBXBuildFile; fileRef = CDF4D139291CA4A40071F603 /* homeButton.swift */; };
		CDF4D13C291CA4FD0071F603 /* notificationButton.swift in Sources */ = {isa = PBXBuildFile; fileRef = CDF4D13B291CA4FD0071F603 /* notificationButton.swift */; };
		CDF4D13E291CA54A0071F603 /* postButton.swift in Sources */ = {isa = PBXBuildFile; fileRef = CDF4D13D291CA54A0071F603 /* postButton.swift */; };
		CDF4D140291CA5820071F603 /* friendButton.swift in Sources */ = {isa = PBXBuildFile; fileRef = CDF4D13F291CA5820071F603 /* friendButton.swift */; };
		CDF4D142291CA5B30071F603 /* profileButton.swift in Sources */ = {isa = PBXBuildFile; fileRef = CDF4D141291CA5B30071F603 /* profileButton.swift */; };
		CDF4D145291CA9870071F603 /* Logo.swift in Sources */ = {isa = PBXBuildFile; fileRef = CDF4D144291CA9870071F603 /* Logo.swift */; };
		CDF4D149291CAA520071F603 /* HomeView.swift in Sources */ = {isa = PBXBuildFile; fileRef = CDF4D148291CAA520071F603 /* HomeView.swift */; };
		FCE4B8DC291B68EF004ED90E /* FirebaseAnalytics in Frameworks */ = {isa = PBXBuildFile; productRef = FCE4B8DB291B68EF004ED90E /* FirebaseAnalytics */; };
		FCE4B8DE291B68EF004ED90E /* FirebaseAnalyticsSwift in Frameworks */ = {isa = PBXBuildFile; productRef = FCE4B8DD291B68EF004ED90E /* FirebaseAnalyticsSwift */; };
		FCE4B8E0291B68EF004ED90E /* FirebaseDatabase in Frameworks */ = {isa = PBXBuildFile; productRef = FCE4B8DF291B68EF004ED90E /* FirebaseDatabase */; };
		FCE4B8E2291B68EF004ED90E /* FirebaseDatabaseSwift in Frameworks */ = {isa = PBXBuildFile; productRef = FCE4B8E1291B68EF004ED90E /* FirebaseDatabaseSwift */; };
		FCE4B8E4291B68EF004ED90E /* FirebaseFirestore in Frameworks */ = {isa = PBXBuildFile; productRef = FCE4B8E3291B68EF004ED90E /* FirebaseFirestore */; };
		FCE4B8E6291B68EF004ED90E /* FirebaseFirestoreSwift in Frameworks */ = {isa = PBXBuildFile; productRef = FCE4B8E5291B68EF004ED90E /* FirebaseFirestoreSwift */; };
		FCE4B8E8291B68EF004ED90E /* FirebaseStorage in Frameworks */ = {isa = PBXBuildFile; productRef = FCE4B8E7291B68EF004ED90E /* FirebaseStorage */; };
		FCE4B8EA291B68EF004ED90E /* FirebaseStorageCombine-Community in Frameworks */ = {isa = PBXBuildFile; productRef = FCE4B8E9291B68EF004ED90E /* FirebaseStorageCombine-Community */; };
		FCE4B8ED291B69B3004ED90E /* Firebase.swift in Sources */ = {isa = PBXBuildFile; fileRef = FCE4B8EC291B69B3004ED90E /* Firebase.swift */; };
		FCE4B8EF291B6BC1004ED90E /* GoogleService-Info.plist in Resources */ = {isa = PBXBuildFile; fileRef = FCE4B8EE291B6BC1004ED90E /* GoogleService-Info.plist */; };
		FCE4B8F1291B6BFA004ED90E /* User.swift in Sources */ = {isa = PBXBuildFile; fileRef = FCE4B8F0291B6BFA004ED90E /* User.swift */; };
		FCE4B8F4291B6C23004ED90E /* Post.swift in Sources */ = {isa = PBXBuildFile; fileRef = FCE4B8F3291B6C23004ED90E /* Post.swift */; };
		FCE4B8F6291B6C3D004ED90E /* FriendRequest.swift in Sources */ = {isa = PBXBuildFile; fileRef = FCE4B8F5291B6C3D004ED90E /* FriendRequest.swift */; };
		FCE4B8F9291B6E67004ED90E /* group_pic.png in Resources */ = {isa = PBXBuildFile; fileRef = FCE4B8F8291B6E67004ED90E /* group_pic.png */; };
		FCE4B8FB291C542E004ED90E /* Image.swift in Sources */ = {isa = PBXBuildFile; fileRef = FCE4B8FA291C542E004ED90E /* Image.swift */; };
		FCE4B8FD291C7EDA004ED90E /* image-placeholder.jpeg in Resources */ = {isa = PBXBuildFile; fileRef = FCE4B8FC291C7EDA004ED90E /* image-placeholder.jpeg */; };
/* End PBXBuildFile section */

/* Begin PBXFileReference section */
		C4A2E7A92919DD8A00D15DE1 /* EatReal-v1.app */ = {isa = PBXFileReference; explicitFileType = wrapper.application; includeInIndex = 0; path = "EatReal-v1.app"; sourceTree = BUILT_PRODUCTS_DIR; };
		C4A2E7AC2919DD8A00D15DE1 /* EatReall_AppApp.swift */ = {isa = PBXFileReference; lastKnownFileType = sourcecode.swift; path = EatReall_AppApp.swift; sourceTree = "<group>"; };
		C4A2E7AE2919DD8A00D15DE1 /* ContentView.swift */ = {isa = PBXFileReference; lastKnownFileType = sourcecode.swift; path = ContentView.swift; sourceTree = "<group>"; };
		C4A2E7B02919DD8B00D15DE1 /* Assets.xcassets */ = {isa = PBXFileReference; lastKnownFileType = folder.assetcatalog; path = Assets.xcassets; sourceTree = "<group>"; };
		C4A2E7B32919DD8B00D15DE1 /* Preview Assets.xcassets */ = {isa = PBXFileReference; lastKnownFileType = folder.assetcatalog; path = "Preview Assets.xcassets"; sourceTree = "<group>"; };
		C4A2E7BA2919E1CA00D15DE1 /* navBar.swift */ = {isa = PBXFileReference; lastKnownFileType = sourcecode.swift; path = navBar.swift; sourceTree = "<group>"; };
		C4A2E7BE2919EBDE00D15DE1 /* PostScroll.swift */ = {isa = PBXFileReference; lastKnownFileType = sourcecode.swift; path = PostScroll.swift; sourceTree = "<group>"; };
		C4A2E7C02919EFF700D15DE1 /* PostView.swift */ = {isa = PBXFileReference; lastKnownFileType = sourcecode.swift; path = PostView.swift; sourceTree = "<group>"; };
		C4A2E7E0291B712F00D15DE1 /* LandingView.swift */ = {isa = PBXFileReference; lastKnownFileType = sourcecode.swift; path = LandingView.swift; sourceTree = "<group>"; };
		C4A2E7E3291B724200D15DE1 /* ImagePickerView.swift */ = {isa = PBXFileReference; lastKnownFileType = sourcecode.swift; path = ImagePickerView.swift; sourceTree = "<group>"; };
		C4A2E7E5291B72D700D15DE1 /* CameraView.swift */ = {isa = PBXFileReference; lastKnownFileType = sourcecode.swift; path = CameraView.swift; sourceTree = "<group>"; };
		C4A2E802291D84EE00D15DE1 /* AddReview.swift */ = {isa = PBXFileReference; lastKnownFileType = sourcecode.swift; path = AddReview.swift; sourceTree = "<group>"; };
		C4A2E807291D884900D15DE1 /* FormView.swift */ = {isa = PBXFileReference; lastKnownFileType = sourcecode.swift; path = FormView.swift; sourceTree = "<group>"; };
		C4A2E809291D920300D15DE1 /* RatingReview.swift */ = {isa = PBXFileReference; lastKnownFileType = sourcecode.swift; path = RatingReview.swift; sourceTree = "<group>"; };
		C4A2E80B291D9CD100D15DE1 /* TextReview.swift */ = {isa = PBXFileReference; lastKnownFileType = sourcecode.swift; path = TextReview.swift; sourceTree = "<group>"; };
		CD47BC1F291D8B730083E983 /* CreateProfileView.swift */ = {isa = PBXFileReference; lastKnownFileType = sourcecode.swift; path = CreateProfileView.swift; sourceTree = "<group>"; };
		CD47BC21291D8D410083E983 /* UploadProfilePicture.swift */ = {isa = PBXFileReference; lastKnownFileType = sourcecode.swift; path = UploadProfilePicture.swift; sourceTree = "<group>"; };
		CD47BC23291D8EBE0083E983 /* InputName.swift */ = {isa = PBXFileReference; lastKnownFileType = sourcecode.swift; path = InputName.swift; sourceTree = "<group>"; };
		CD47BC27291D8EFF0083E983 /* InputUsername.swift */ = {isa = PBXFileReference; lastKnownFileType = sourcecode.swift; path = InputUsername.swift; sourceTree = "<group>"; };
		CDE65764291AF89E00EA3CE8 /* FriendView.swift */ = {isa = PBXFileReference; lastKnownFileType = sourcecode.swift; path = FriendView.swift; sourceTree = "<group>"; };
		CDE65768291B422A00EA3CE8 /* SearchFriendView.swift */ = {isa = PBXFileReference; lastKnownFileType = sourcecode.swift; path = SearchFriendView.swift; sourceTree = "<group>"; };
		CDE681BD291AD77600AF8BFD /* NotificationView.swift */ = {isa = PBXFileReference; lastKnownFileType = sourcecode.swift; path = NotificationView.swift; sourceTree = "<group>"; };
		CDE681BF291AD7BD00AF8BFD /* NotificationScroll.swift */ = {isa = PBXFileReference; lastKnownFileType = sourcecode.swift; path = NotificationScroll.swift; sourceTree = "<group>"; };
		CDE681C1291ADA8000AF8BFD /* SingleNotificationView.swift */ = {isa = PBXFileReference; lastKnownFileType = sourcecode.swift; path = SingleNotificationView.swift; sourceTree = "<group>"; };
		CDE681C7291AE34000AF8BFD /* ProfileView.swift */ = {isa = PBXFileReference; lastKnownFileType = sourcecode.swift; path = ProfileView.swift; sourceTree = "<group>"; };
		CDF4D139291CA4A40071F603 /* homeButton.swift */ = {isa = PBXFileReference; lastKnownFileType = sourcecode.swift; path = homeButton.swift; sourceTree = "<group>"; };
		CDF4D13B291CA4FD0071F603 /* notificationButton.swift */ = {isa = PBXFileReference; lastKnownFileType = sourcecode.swift; path = notificationButton.swift; sourceTree = "<group>"; };
		CDF4D13D291CA54A0071F603 /* postButton.swift */ = {isa = PBXFileReference; lastKnownFileType = sourcecode.swift; path = postButton.swift; sourceTree = "<group>"; };
		CDF4D13F291CA5820071F603 /* friendButton.swift */ = {isa = PBXFileReference; lastKnownFileType = sourcecode.swift; path = friendButton.swift; sourceTree = "<group>"; };
		CDF4D141291CA5B30071F603 /* profileButton.swift */ = {isa = PBXFileReference; lastKnownFileType = sourcecode.swift; path = profileButton.swift; sourceTree = "<group>"; };
		CDF4D144291CA9870071F603 /* Logo.swift */ = {isa = PBXFileReference; lastKnownFileType = sourcecode.swift; path = Logo.swift; sourceTree = "<group>"; };
		CDF4D148291CAA520071F603 /* HomeView.swift */ = {isa = PBXFileReference; lastKnownFileType = sourcecode.swift; path = HomeView.swift; sourceTree = "<group>"; };
		FCE4B8EC291B69B3004ED90E /* Firebase.swift */ = {isa = PBXFileReference; lastKnownFileType = sourcecode.swift; path = Firebase.swift; sourceTree = "<group>"; };
		FCE4B8EE291B6BC1004ED90E /* GoogleService-Info.plist */ = {isa = PBXFileReference; fileEncoding = 4; lastKnownFileType = text.plist.xml; path = "GoogleService-Info.plist"; sourceTree = "<group>"; };
		FCE4B8F0291B6BFA004ED90E /* User.swift */ = {isa = PBXFileReference; lastKnownFileType = sourcecode.swift; path = User.swift; sourceTree = "<group>"; };
		FCE4B8F3291B6C23004ED90E /* Post.swift */ = {isa = PBXFileReference; lastKnownFileType = sourcecode.swift; path = Post.swift; sourceTree = "<group>"; };
		FCE4B8F5291B6C3D004ED90E /* FriendRequest.swift */ = {isa = PBXFileReference; lastKnownFileType = sourcecode.swift; path = FriendRequest.swift; sourceTree = "<group>"; };
		FCE4B8F8291B6E67004ED90E /* group_pic.png */ = {isa = PBXFileReference; lastKnownFileType = image.png; path = group_pic.png; sourceTree = "<group>"; };
		FCE4B8FA291C542E004ED90E /* Image.swift */ = {isa = PBXFileReference; lastKnownFileType = sourcecode.swift; path = Image.swift; sourceTree = "<group>"; };
		FCE4B8FC291C7EDA004ED90E /* image-placeholder.jpeg */ = {isa = PBXFileReference; lastKnownFileType = image.jpeg; path = "image-placeholder.jpeg"; sourceTree = "<group>"; };
/* End PBXFileReference section */

/* Begin PBXFrameworksBuildPhase section */
		C4A2E7A62919DD8A00D15DE1 /* Frameworks */ = {
			isa = PBXFrameworksBuildPhase;
			buildActionMask = 2147483647;
			files = (
				C4A2E7DE291B6FFF00D15DE1 /* Alamofire in Frameworks */,
				FCE4B8E2291B68EF004ED90E /* FirebaseDatabaseSwift in Frameworks */,
				FCE4B8E0291B68EF004ED90E /* FirebaseDatabase in Frameworks */,
				FCE4B8EA291B68EF004ED90E /* FirebaseStorageCombine-Community in Frameworks */,
				FCE4B8DE291B68EF004ED90E /* FirebaseAnalyticsSwift in Frameworks */,
				FCE4B8E4291B68EF004ED90E /* FirebaseFirestore in Frameworks */,
				FCE4B8E8291B68EF004ED90E /* FirebaseStorage in Frameworks */,
				FCE4B8DC291B68EF004ED90E /* FirebaseAnalytics in Frameworks */,
				FCE4B8E6291B68EF004ED90E /* FirebaseFirestoreSwift in Frameworks */,
			);
			runOnlyForDeploymentPostprocessing = 0;
		};
/* End PBXFrameworksBuildPhase section */

/* Begin PBXGroup section */
		C4A2E7A02919DD8A00D15DE1 = {
			isa = PBXGroup;
			children = (
				C4A2E7AB2919DD8A00D15DE1 /* EatReall-App */,
				C4A2E7AA2919DD8A00D15DE1 /* Products */,
			);
			sourceTree = "<group>";
		};
		C4A2E7AA2919DD8A00D15DE1 /* Products */ = {
			isa = PBXGroup;
			children = (
				C4A2E7A92919DD8A00D15DE1 /* EatReal-v1.app */,
			);
			name = Products;
			sourceTree = "<group>";
		};
		C4A2E7AB2919DD8A00D15DE1 /* EatReall-App */ = {
			isa = PBXGroup;
			children = (
				C4A2E80E291DD59800D15DE1 /* Views */,
				C4A2E80D291DD57B00D15DE1 /* ViewControllers */,
				FCE4B8F7291B6DEB004ED90E /* Resources */,
				FCE4B8EB291B69A3004ED90E /* Models */,
				C4A2E7AC2919DD8A00D15DE1 /* EatReall_AppApp.swift */,
				C4A2E7B02919DD8B00D15DE1 /* Assets.xcassets */,
				FCE4B8EE291B6BC1004ED90E /* GoogleService-Info.plist */,
				C4A2E7B22919DD8B00D15DE1 /* Preview Content */,
			);
			path = "EatReall-App";
			sourceTree = "<group>";
		};
		C4A2E7B22919DD8B00D15DE1 /* Preview Content */ = {
			isa = PBXGroup;
			children = (
				C4A2E7B32919DD8B00D15DE1 /* Preview Assets.xcassets */,
			);
			path = "Preview Content";
			sourceTree = "<group>";
		};
		C4A2E7DF291B711300D15DE1 /* Landing */ = {
			isa = PBXGroup;
			children = (
				C4A2E7C02919EFF700D15DE1 /* PostView.swift */,
				C4A2E7E0291B712F00D15DE1 /* LandingView.swift */,
			);
			path = Landing;
			sourceTree = "<group>";
		};
		C4A2E7E2291B722F00D15DE1 /* Posting */ = {
			isa = PBXGroup;
			children = (
				C4A2E7E5291B72D700D15DE1 /* CameraView.swift */,
			);
			path = Posting;
			sourceTree = "<group>";
		};
		C4A2E801291D84DF00D15DE1 /* Reviewing */ = {
			isa = PBXGroup;
			children = (
				C4A2E802291D84EE00D15DE1 /* AddReview.swift */,
				C4A2E807291D884900D15DE1 /* FormView.swift */,
				C4A2E80B291D9CD100D15DE1 /* TextReview.swift */,
				C4A2E809291D920300D15DE1 /* RatingReview.swift */,
			);
			path = Reviewing;
			sourceTree = "<group>";
		};
		C4A2E804291D850D00D15DE1 /* Utils */ = {
			isa = PBXGroup;
			children = (
				C4A2E7E3291B724200D15DE1 /* ImagePickerView.swift */,
			);
			path = Utils;
			sourceTree = "<group>";
		};
		C4A2E80D291DD57B00D15DE1 /* ViewControllers */ = {
			isa = PBXGroup;
			children = (
			);
			path = ViewControllers;
			sourceTree = "<group>";
		};
		C4A2E80E291DD59800D15DE1 /* Views */ = {
			isa = PBXGroup;
			children = (
				C4A2E804291D850D00D15DE1 /* Utils */,
				CDF4D143291CA96D0071F603 /* Home */,
				CDE65763291AF89200EA3CE8 /* Friend */,
				CDE681C3291AE10B00AF8BFD /* Notification */,
				CDE681C8291AE40200AF8BFD /* Profile */,
				CDF4D138291CA48B0071F603 /* Navigation */,
				C4A2E7DF291B711300D15DE1 /* Landing */,
				C4A2E801291D84DF00D15DE1 /* Reviewing */,
				C4A2E7E2291B722F00D15DE1 /* Posting */,
			);
			path = Views;
			sourceTree = "<group>";
		};
		CDE65763291AF89200EA3CE8 /* Friend */ = {
			isa = PBXGroup;
			children = (
				CDE65764291AF89E00EA3CE8 /* FriendView.swift */,
				CDE65768291B422A00EA3CE8 /* SearchFriendView.swift */,
			);
			path = Friend;
			sourceTree = "<group>";
		};
		CDE681C3291AE10B00AF8BFD /* Notification */ = {
			isa = PBXGroup;
			children = (
				CDE681BF291AD7BD00AF8BFD /* NotificationScroll.swift */,
				CDE681BD291AD77600AF8BFD /* NotificationView.swift */,
				CDE681C1291ADA8000AF8BFD /* SingleNotificationView.swift */,
			);
			path = Notification;
			sourceTree = "<group>";
		};
		CDE681C8291AE40200AF8BFD /* Profile */ = {
			isa = PBXGroup;
			children = (
				CDE681C7291AE34000AF8BFD /* ProfileView.swift */,
				CD47BC1F291D8B730083E983 /* CreateProfileView.swift */,
				CD47BC23291D8EBE0083E983 /* InputName.swift */,
				CD47BC27291D8EFF0083E983 /* InputUsername.swift */,
				CD47BC21291D8D410083E983 /* UploadProfilePicture.swift */,
			);
			path = Profile;
			sourceTree = "<group>";
		};
		CDF4D138291CA48B0071F603 /* Navigation */ = {
			isa = PBXGroup;
			children = (
				C4A2E7BA2919E1CA00D15DE1 /* navBar.swift */,
				CDF4D141291CA5B30071F603 /* profileButton.swift */,
				CDF4D13F291CA5820071F603 /* friendButton.swift */,
				CDF4D13D291CA54A0071F603 /* postButton.swift */,
				CDF4D13B291CA4FD0071F603 /* notificationButton.swift */,
				CDF4D139291CA4A40071F603 /* homeButton.swift */,
			);
			path = Navigation;
			sourceTree = "<group>";
		};
		CDF4D143291CA96D0071F603 /* Home */ = {
			isa = PBXGroup;
			children = (
				C4A2E7BE2919EBDE00D15DE1 /* PostScroll.swift */,
				C4A2E7AE2919DD8A00D15DE1 /* ContentView.swift */,
				CDF4D148291CAA520071F603 /* HomeView.swift */,
				CDF4D144291CA9870071F603 /* Logo.swift */,
			);
			path = Home;
			sourceTree = "<group>";
		};
		FCE4B8EB291B69A3004ED90E /* Models */ = {
			isa = PBXGroup;
			children = (
				FCE4B8EC291B69B3004ED90E /* Firebase.swift */,
				FCE4B8F0291B6BFA004ED90E /* User.swift */,
				FCE4B8F3291B6C23004ED90E /* Post.swift */,
				FCE4B8F5291B6C3D004ED90E /* FriendRequest.swift */,
				FCE4B8FA291C542E004ED90E /* Image.swift */,
			);
			path = Models;
			sourceTree = "<group>";
		};
		FCE4B8F7291B6DEB004ED90E /* Resources */ = {
			isa = PBXGroup;
			children = (
				FCE4B8F8291B6E67004ED90E /* group_pic.png */,
				FCE4B8FC291C7EDA004ED90E /* image-placeholder.jpeg */,
			);
			path = Resources;
			sourceTree = "<group>";
		};
/* End PBXGroup section */

/* Begin PBXNativeTarget section */
		C4A2E7A82919DD8A00D15DE1 /* EatReal-v1 */ = {
			isa = PBXNativeTarget;
			buildConfigurationList = C4A2E7B72919DD8B00D15DE1 /* Build configuration list for PBXNativeTarget "EatReal-v1" */;
			buildPhases = (
				C4A2E7A52919DD8A00D15DE1 /* Sources */,
				C4A2E7A62919DD8A00D15DE1 /* Frameworks */,
				C4A2E7A72919DD8A00D15DE1 /* Resources */,
			);
			buildRules = (
			);
			dependencies = (
			);
			name = "EatReal-v1";
			packageProductDependencies = (
				FCE4B8DB291B68EF004ED90E /* FirebaseAnalytics */,
				FCE4B8DD291B68EF004ED90E /* FirebaseAnalyticsSwift */,
				FCE4B8DF291B68EF004ED90E /* FirebaseDatabase */,
				FCE4B8E1291B68EF004ED90E /* FirebaseDatabaseSwift */,
				FCE4B8E3291B68EF004ED90E /* FirebaseFirestore */,
				FCE4B8E5291B68EF004ED90E /* FirebaseFirestoreSwift */,
				FCE4B8E7291B68EF004ED90E /* FirebaseStorage */,
				FCE4B8E9291B68EF004ED90E /* FirebaseStorageCombine-Community */,
				C4A2E7DD291B6FFF00D15DE1 /* Alamofire */,
			);
			productName = "EatReall-App";
			productReference = C4A2E7A92919DD8A00D15DE1 /* EatReal-v1.app */;
			productType = "com.apple.product-type.application";
		};
/* End PBXNativeTarget section */

/* Begin PBXProject section */
		C4A2E7A12919DD8A00D15DE1 /* Project object */ = {
			isa = PBXProject;
			attributes = {
				BuildIndependentTargetsInParallel = 1;
				LastSwiftUpdateCheck = 1400;
				LastUpgradeCheck = 1400;
				TargetAttributes = {
					C4A2E7A82919DD8A00D15DE1 = {
						CreatedOnToolsVersion = 14.0.1;
					};
				};
			};
			buildConfigurationList = C4A2E7A42919DD8A00D15DE1 /* Build configuration list for PBXProject "EatReal-v1" */;
			compatibilityVersion = "Xcode 14.0";
			developmentRegion = en;
			hasScannedForEncodings = 0;
			knownRegions = (
				en,
				Base,
			);
			mainGroup = C4A2E7A02919DD8A00D15DE1;
			packageReferences = (
				FCE4B8DA291B68EF004ED90E /* XCRemoteSwiftPackageReference "firebase-ios-sdk" */,
				C4A2E7DC291B6FFE00D15DE1 /* XCRemoteSwiftPackageReference "Alamofire" */,
			);
			productRefGroup = C4A2E7AA2919DD8A00D15DE1 /* Products */;
			projectDirPath = "";
			projectRoot = "";
			targets = (
				C4A2E7A82919DD8A00D15DE1 /* EatReal-v1 */,
			);
		};
/* End PBXProject section */

/* Begin PBXResourcesBuildPhase section */
		C4A2E7A72919DD8A00D15DE1 /* Resources */ = {
			isa = PBXResourcesBuildPhase;
			buildActionMask = 2147483647;
			files = (
				FCE4B8FD291C7EDA004ED90E /* image-placeholder.jpeg in Resources */,
				FCE4B8F9291B6E67004ED90E /* group_pic.png in Resources */,
				C4A2E7B42919DD8B00D15DE1 /* Preview Assets.xcassets in Resources */,
				FCE4B8EF291B6BC1004ED90E /* GoogleService-Info.plist in Resources */,
				C4A2E7B12919DD8B00D15DE1 /* Assets.xcassets in Resources */,
			);
			runOnlyForDeploymentPostprocessing = 0;
		};
/* End PBXResourcesBuildPhase section */

/* Begin PBXSourcesBuildPhase section */
		C4A2E7A52919DD8A00D15DE1 /* Sources */ = {
			isa = PBXSourcesBuildPhase;
			buildActionMask = 2147483647;
			files = (
				FCE4B8F1291B6BFA004ED90E /* User.swift in Sources */,
				CDE681C2291ADA8000AF8BFD /* SingleNotificationView.swift in Sources */,
				CD47BC24291D8EBE0083E983 /* InputName.swift in Sources */,
				CDE65761291AF7E000EA3CE8 /* ProfileView.swift in Sources */,
				CD47BC28291D8EFF0083E983 /* InputUsername.swift in Sources */,
				C4A2E80A291D920300D15DE1 /* RatingReview.swift in Sources */,
				CDF4D140291CA5820071F603 /* friendButton.swift in Sources */,
				C4A2E7E6291B72D700D15DE1 /* CameraView.swift in Sources */,
				C4A2E7BB2919E1CA00D15DE1 /* navBar.swift in Sources */,
				CDF4D13E291CA54A0071F603 /* postButton.swift in Sources */,
				C4A2E7E1291B712F00D15DE1 /* LandingView.swift in Sources */,
				CDE65769291B422A00EA3CE8 /* SearchFriendView.swift in Sources */,
				FCE4B8F4291B6C23004ED90E /* Post.swift in Sources */,
				CDF4D13A291CA4A40071F603 /* homeButton.swift in Sources */,
				CD47BC22291D8D410083E983 /* UploadProfilePicture.swift in Sources */,
				CDF4D145291CA9870071F603 /* Logo.swift in Sources */,
				CDE681C0291AD7BD00AF8BFD /* NotificationScroll.swift in Sources */,
				C4A2E7BF2919EBDE00D15DE1 /* PostScroll.swift in Sources */,
				FCE4B8ED291B69B3004ED90E /* Firebase.swift in Sources */,
				CDF4D149291CAA520071F603 /* HomeView.swift in Sources */,
				C4A2E808291D884900D15DE1 /* FormView.swift in Sources */,
				CDE681BE291AD77600AF8BFD /* NotificationView.swift in Sources */,
				C4A2E7AF2919DD8A00D15DE1 /* ContentView.swift in Sources */,
				FCE4B8FB291C542E004ED90E /* Image.swift in Sources */,
				FCE4B8F6291B6C3D004ED90E /* FriendRequest.swift in Sources */,
				C4A2E803291D84EE00D15DE1 /* AddReview.swift in Sources */,
				C4A2E7C12919EFF700D15DE1 /* PostView.swift in Sources */,
				CD47BC20291D8B730083E983 /* CreateProfileView.swift in Sources */,
				CDF4D142291CA5B30071F603 /* profileButton.swift in Sources */,
				CDE65765291AF89E00EA3CE8 /* FriendView.swift in Sources */,
				C4A2E7AD2919DD8A00D15DE1 /* EatReall_AppApp.swift in Sources */,
				C4A2E7E4291B724200D15DE1 /* ImagePickerView.swift in Sources */,
				C4A2E80C291D9CD100D15DE1 /* TextReview.swift in Sources */,
				CDF4D13C291CA4FD0071F603 /* notificationButton.swift in Sources */,
			);
			runOnlyForDeploymentPostprocessing = 0;
		};
/* End PBXSourcesBuildPhase section */

/* Begin XCBuildConfiguration section */
		C4A2E7B52919DD8B00D15DE1 /* Debug */ = {
			isa = XCBuildConfiguration;
			buildSettings = {
				ALWAYS_SEARCH_USER_PATHS = NO;
				CLANG_ANALYZER_NONNULL = YES;
				CLANG_ANALYZER_NUMBER_OBJECT_CONVERSION = YES_AGGRESSIVE;
				CLANG_CXX_LANGUAGE_STANDARD = "gnu++20";
				CLANG_ENABLE_MODULES = YES;
				CLANG_ENABLE_OBJC_ARC = YES;
				CLANG_ENABLE_OBJC_WEAK = YES;
				CLANG_WARN_BLOCK_CAPTURE_AUTORELEASING = YES;
				CLANG_WARN_BOOL_CONVERSION = YES;
				CLANG_WARN_COMMA = YES;
				CLANG_WARN_CONSTANT_CONVERSION = YES;
				CLANG_WARN_DEPRECATED_OBJC_IMPLEMENTATIONS = YES;
				CLANG_WARN_DIRECT_OBJC_ISA_USAGE = YES_ERROR;
				CLANG_WARN_DOCUMENTATION_COMMENTS = YES;
				CLANG_WARN_EMPTY_BODY = YES;
				CLANG_WARN_ENUM_CONVERSION = YES;
				CLANG_WARN_INFINITE_RECURSION = YES;
				CLANG_WARN_INT_CONVERSION = YES;
				CLANG_WARN_NON_LITERAL_NULL_CONVERSION = YES;
				CLANG_WARN_OBJC_IMPLICIT_RETAIN_SELF = YES;
				CLANG_WARN_OBJC_LITERAL_CONVERSION = YES;
				CLANG_WARN_OBJC_ROOT_CLASS = YES_ERROR;
				CLANG_WARN_QUOTED_INCLUDE_IN_FRAMEWORK_HEADER = YES;
				CLANG_WARN_RANGE_LOOP_ANALYSIS = YES;
				CLANG_WARN_STRICT_PROTOTYPES = YES;
				CLANG_WARN_SUSPICIOUS_MOVE = YES;
				CLANG_WARN_UNGUARDED_AVAILABILITY = YES_AGGRESSIVE;
				CLANG_WARN_UNREACHABLE_CODE = YES;
				CLANG_WARN__DUPLICATE_METHOD_MATCH = YES;
				COPY_PHASE_STRIP = NO;
				DEBUG_INFORMATION_FORMAT = dwarf;
				ENABLE_STRICT_OBJC_MSGSEND = YES;
				ENABLE_TESTABILITY = YES;
				GCC_C_LANGUAGE_STANDARD = gnu11;
				GCC_DYNAMIC_NO_PIC = NO;
				GCC_NO_COMMON_BLOCKS = YES;
				GCC_OPTIMIZATION_LEVEL = 0;
				GCC_PREPROCESSOR_DEFINITIONS = (
					"DEBUG=1",
					"$(inherited)",
				);
				GCC_WARN_64_TO_32_BIT_CONVERSION = YES;
				GCC_WARN_ABOUT_RETURN_TYPE = YES_ERROR;
				GCC_WARN_UNDECLARED_SELECTOR = YES;
				GCC_WARN_UNINITIALIZED_AUTOS = YES_AGGRESSIVE;
				GCC_WARN_UNUSED_FUNCTION = YES;
				GCC_WARN_UNUSED_VARIABLE = YES;
				IPHONEOS_DEPLOYMENT_TARGET = 16.0;
				MTL_ENABLE_DEBUG_INFO = INCLUDE_SOURCE;
				MTL_FAST_MATH = YES;
				ONLY_ACTIVE_ARCH = YES;
				SDKROOT = iphoneos;
				SWIFT_ACTIVE_COMPILATION_CONDITIONS = DEBUG;
				SWIFT_OPTIMIZATION_LEVEL = "-Onone";
			};
			name = Debug;
		};
		C4A2E7B62919DD8B00D15DE1 /* Release */ = {
			isa = XCBuildConfiguration;
			buildSettings = {
				ALWAYS_SEARCH_USER_PATHS = NO;
				CLANG_ANALYZER_NONNULL = YES;
				CLANG_ANALYZER_NUMBER_OBJECT_CONVERSION = YES_AGGRESSIVE;
				CLANG_CXX_LANGUAGE_STANDARD = "gnu++20";
				CLANG_ENABLE_MODULES = YES;
				CLANG_ENABLE_OBJC_ARC = YES;
				CLANG_ENABLE_OBJC_WEAK = YES;
				CLANG_WARN_BLOCK_CAPTURE_AUTORELEASING = YES;
				CLANG_WARN_BOOL_CONVERSION = YES;
				CLANG_WARN_COMMA = YES;
				CLANG_WARN_CONSTANT_CONVERSION = YES;
				CLANG_WARN_DEPRECATED_OBJC_IMPLEMENTATIONS = YES;
				CLANG_WARN_DIRECT_OBJC_ISA_USAGE = YES_ERROR;
				CLANG_WARN_DOCUMENTATION_COMMENTS = YES;
				CLANG_WARN_EMPTY_BODY = YES;
				CLANG_WARN_ENUM_CONVERSION = YES;
				CLANG_WARN_INFINITE_RECURSION = YES;
				CLANG_WARN_INT_CONVERSION = YES;
				CLANG_WARN_NON_LITERAL_NULL_CONVERSION = YES;
				CLANG_WARN_OBJC_IMPLICIT_RETAIN_SELF = YES;
				CLANG_WARN_OBJC_LITERAL_CONVERSION = YES;
				CLANG_WARN_OBJC_ROOT_CLASS = YES_ERROR;
				CLANG_WARN_QUOTED_INCLUDE_IN_FRAMEWORK_HEADER = YES;
				CLANG_WARN_RANGE_LOOP_ANALYSIS = YES;
				CLANG_WARN_STRICT_PROTOTYPES = YES;
				CLANG_WARN_SUSPICIOUS_MOVE = YES;
				CLANG_WARN_UNGUARDED_AVAILABILITY = YES_AGGRESSIVE;
				CLANG_WARN_UNREACHABLE_CODE = YES;
				CLANG_WARN__DUPLICATE_METHOD_MATCH = YES;
				COPY_PHASE_STRIP = NO;
				DEBUG_INFORMATION_FORMAT = "dwarf-with-dsym";
				ENABLE_NS_ASSERTIONS = NO;
				ENABLE_STRICT_OBJC_MSGSEND = YES;
				GCC_C_LANGUAGE_STANDARD = gnu11;
				GCC_NO_COMMON_BLOCKS = YES;
				GCC_WARN_64_TO_32_BIT_CONVERSION = YES;
				GCC_WARN_ABOUT_RETURN_TYPE = YES_ERROR;
				GCC_WARN_UNDECLARED_SELECTOR = YES;
				GCC_WARN_UNINITIALIZED_AUTOS = YES_AGGRESSIVE;
				GCC_WARN_UNUSED_FUNCTION = YES;
				GCC_WARN_UNUSED_VARIABLE = YES;
				IPHONEOS_DEPLOYMENT_TARGET = 16.0;
				MTL_ENABLE_DEBUG_INFO = NO;
				MTL_FAST_MATH = YES;
				SDKROOT = iphoneos;
				SWIFT_COMPILATION_MODE = wholemodule;
				SWIFT_OPTIMIZATION_LEVEL = "-O";
				VALIDATE_PRODUCT = YES;
			};
			name = Release;
		};
		C4A2E7B82919DD8B00D15DE1 /* Debug */ = {
			isa = XCBuildConfiguration;
			buildSettings = {
				ASSETCATALOG_COMPILER_APPICON_NAME = AppIcon;
				ASSETCATALOG_COMPILER_GLOBAL_ACCENT_COLOR_NAME = AccentColor;
				CODE_SIGN_STYLE = Automatic;
				CURRENT_PROJECT_VERSION = 1;
				DEVELOPMENT_ASSET_PATHS = "\"EatReall-App/Preview Content\"";
				DEVELOPMENT_TEAM = WJ53H49GSL;
				ENABLE_PREVIEWS = YES;
				GENERATE_INFOPLIST_FILE = YES;
				INFOPLIST_KEY_UIApplicationSceneManifest_Generation = YES;
				INFOPLIST_KEY_UIApplicationSupportsIndirectInputEvents = YES;
				INFOPLIST_KEY_UILaunchScreen_Generation = YES;
				INFOPLIST_KEY_UISupportedInterfaceOrientations_iPad = "UIInterfaceOrientationPortrait UIInterfaceOrientationPortraitUpsideDown UIInterfaceOrientationLandscapeLeft UIInterfaceOrientationLandscapeRight";
				INFOPLIST_KEY_UISupportedInterfaceOrientations_iPhone = "UIInterfaceOrientationPortrait UIInterfaceOrientationLandscapeLeft UIInterfaceOrientationLandscapeRight";
				LD_RUNPATH_SEARCH_PATHS = (
					"$(inherited)",
					"@executable_path/Frameworks",
				);
				MARKETING_VERSION = 1.0;
				PRODUCT_BUNDLE_IDENTIFIER = "CMU443F22.EatReall-App";
				PRODUCT_NAME = "$(TARGET_NAME)";
				SWIFT_EMIT_LOC_STRINGS = YES;
				SWIFT_VERSION = 5.0;
				TARGETED_DEVICE_FAMILY = "1,2";
			};
			name = Debug;
		};
		C4A2E7B92919DD8B00D15DE1 /* Release */ = {
			isa = XCBuildConfiguration;
			buildSettings = {
				ASSETCATALOG_COMPILER_APPICON_NAME = AppIcon;
				ASSETCATALOG_COMPILER_GLOBAL_ACCENT_COLOR_NAME = AccentColor;
				CODE_SIGN_STYLE = Automatic;
				CURRENT_PROJECT_VERSION = 1;
				DEVELOPMENT_ASSET_PATHS = "\"EatReall-App/Preview Content\"";
				DEVELOPMENT_TEAM = WJ53H49GSL;
				ENABLE_PREVIEWS = YES;
				GENERATE_INFOPLIST_FILE = YES;
				INFOPLIST_KEY_UIApplicationSceneManifest_Generation = YES;
				INFOPLIST_KEY_UIApplicationSupportsIndirectInputEvents = YES;
				INFOPLIST_KEY_UILaunchScreen_Generation = YES;
				INFOPLIST_KEY_UISupportedInterfaceOrientations_iPad = "UIInterfaceOrientationPortrait UIInterfaceOrientationPortraitUpsideDown UIInterfaceOrientationLandscapeLeft UIInterfaceOrientationLandscapeRight";
				INFOPLIST_KEY_UISupportedInterfaceOrientations_iPhone = "UIInterfaceOrientationPortrait UIInterfaceOrientationLandscapeLeft UIInterfaceOrientationLandscapeRight";
				LD_RUNPATH_SEARCH_PATHS = (
					"$(inherited)",
					"@executable_path/Frameworks",
				);
				MARKETING_VERSION = 1.0;
				PRODUCT_BUNDLE_IDENTIFIER = "CMU443F22.EatReall-App";
				PRODUCT_NAME = "$(TARGET_NAME)";
				SWIFT_EMIT_LOC_STRINGS = YES;
				SWIFT_VERSION = 5.0;
				TARGETED_DEVICE_FAMILY = "1,2";
			};
			name = Release;
		};
/* End XCBuildConfiguration section */

/* Begin XCConfigurationList section */
		C4A2E7A42919DD8A00D15DE1 /* Build configuration list for PBXProject "EatReal-v1" */ = {
			isa = XCConfigurationList;
			buildConfigurations = (
				C4A2E7B52919DD8B00D15DE1 /* Debug */,
				C4A2E7B62919DD8B00D15DE1 /* Release */,
			);
			defaultConfigurationIsVisible = 0;
			defaultConfigurationName = Release;
		};
		C4A2E7B72919DD8B00D15DE1 /* Build configuration list for PBXNativeTarget "EatReal-v1" */ = {
			isa = XCConfigurationList;
			buildConfigurations = (
				C4A2E7B82919DD8B00D15DE1 /* Debug */,
				C4A2E7B92919DD8B00D15DE1 /* Release */,
			);
			defaultConfigurationIsVisible = 0;
			defaultConfigurationName = Release;
		};
/* End XCConfigurationList section */

/* Begin XCRemoteSwiftPackageReference section */
		C4A2E7DC291B6FFE00D15DE1 /* XCRemoteSwiftPackageReference "Alamofire" */ = {
			isa = XCRemoteSwiftPackageReference;
			repositoryURL = "https://github.com/Alamofire/Alamofire.git";
			requirement = {
				branch = master;
				kind = branch;
			};
		};
		FCE4B8DA291B68EF004ED90E /* XCRemoteSwiftPackageReference "firebase-ios-sdk" */ = {
			isa = XCRemoteSwiftPackageReference;
			repositoryURL = "https://github.com/firebase/firebase-ios-sdk";
			requirement = {
				branch = master;
				kind = branch;
			};
		};
/* End XCRemoteSwiftPackageReference section */

/* Begin XCSwiftPackageProductDependency section */
		C4A2E7DD291B6FFF00D15DE1 /* Alamofire */ = {
			isa = XCSwiftPackageProductDependency;
			package = C4A2E7DC291B6FFE00D15DE1 /* XCRemoteSwiftPackageReference "Alamofire" */;
			productName = Alamofire;
		};
		FCE4B8DB291B68EF004ED90E /* FirebaseAnalytics */ = {
			isa = XCSwiftPackageProductDependency;
			package = FCE4B8DA291B68EF004ED90E /* XCRemoteSwiftPackageReference "firebase-ios-sdk" */;
			productName = FirebaseAnalytics;
		};
		FCE4B8DD291B68EF004ED90E /* FirebaseAnalyticsSwift */ = {
			isa = XCSwiftPackageProductDependency;
			package = FCE4B8DA291B68EF004ED90E /* XCRemoteSwiftPackageReference "firebase-ios-sdk" */;
			productName = FirebaseAnalyticsSwift;
		};
		FCE4B8DF291B68EF004ED90E /* FirebaseDatabase */ = {
			isa = XCSwiftPackageProductDependency;
			package = FCE4B8DA291B68EF004ED90E /* XCRemoteSwiftPackageReference "firebase-ios-sdk" */;
			productName = FirebaseDatabase;
		};
		FCE4B8E1291B68EF004ED90E /* FirebaseDatabaseSwift */ = {
			isa = XCSwiftPackageProductDependency;
			package = FCE4B8DA291B68EF004ED90E /* XCRemoteSwiftPackageReference "firebase-ios-sdk" */;
			productName = FirebaseDatabaseSwift;
		};
		FCE4B8E3291B68EF004ED90E /* FirebaseFirestore */ = {
			isa = XCSwiftPackageProductDependency;
			package = FCE4B8DA291B68EF004ED90E /* XCRemoteSwiftPackageReference "firebase-ios-sdk" */;
			productName = FirebaseFirestore;
		};
		FCE4B8E5291B68EF004ED90E /* FirebaseFirestoreSwift */ = {
			isa = XCSwiftPackageProductDependency;
			package = FCE4B8DA291B68EF004ED90E /* XCRemoteSwiftPackageReference "firebase-ios-sdk" */;
			productName = FirebaseFirestoreSwift;
		};
		FCE4B8E7291B68EF004ED90E /* FirebaseStorage */ = {
			isa = XCSwiftPackageProductDependency;
			package = FCE4B8DA291B68EF004ED90E /* XCRemoteSwiftPackageReference "firebase-ios-sdk" */;
			productName = FirebaseStorage;
		};
		FCE4B8E9291B68EF004ED90E /* FirebaseStorageCombine-Community */ = {
			isa = XCSwiftPackageProductDependency;
			package = FCE4B8DA291B68EF004ED90E /* XCRemoteSwiftPackageReference "firebase-ios-sdk" */;
			productName = "FirebaseStorageCombine-Community";
		};
/* End XCSwiftPackageProductDependency section */
	};
	rootObject = C4A2E7A12919DD8A00D15DE1 /* Project object */;
}
