// !$*UTF8*$!
{
	archiveVersion = 1;
	classes = {
	};
	objectVersion = 56;
	objects = {

/* Begin PBXBuildFile section */
		C4A2E7AD2919DD8A00D15DE1 /* EatReall_AppApp.swift in Sources */ = {isa = PBXBuildFile; fileRef = C4A2E7AC2919DD8A00D15DE1 /* EatReall_AppApp.swift */; };
		C4A2E7AF2919DD8A00D15DE1 /* ContentView.swift in Sources */ = {isa = PBXBuildFile; fileRef = C4A2E7AE2919DD8A00D15DE1 /* ContentView.swift */; };
		C4A2E7B12919DD8B00D15DE1 /* Assets.xcassets in Resources */ = {isa = PBXBuildFile; fileRef = C4A2E7B02919DD8B00D15DE1 /* Assets.xcassets */; };
		C4A2E7B42919DD8B00D15DE1 /* Preview Assets.xcassets in Resources */ = {isa = PBXBuildFile; fileRef = C4A2E7B32919DD8B00D15DE1 /* Preview Assets.xcassets */; };
		C4A2E7BB2919E1CA00D15DE1 /* navBar.swift in Sources */ = {isa = PBXBuildFile; fileRef = C4A2E7BA2919E1CA00D15DE1 /* navBar.swift */; };
		C4A2E7BF2919EBDE00D15DE1 /* PostScroll.swift in Sources */ = {isa = PBXBuildFile; fileRef = C4A2E7BE2919EBDE00D15DE1 /* PostScroll.swift */; };
		C4A2E7C12919EFF700D15DE1 /* PostView.swift in Sources */ = {isa = PBXBuildFile; fileRef = C4A2E7C02919EFF700D15DE1 /* PostView.swift */; };
		CDE65761291AF7E000EA3CE8 /* ProfileView.swift in Sources */ = {isa = PBXBuildFile; fileRef = CDE681C7291AE34000AF8BFD /* ProfileView.swift */; };
		CDE65765291AF89E00EA3CE8 /* FriendView.swift in Sources */ = {isa = PBXBuildFile; fileRef = CDE65764291AF89E00EA3CE8 /* FriendView.swift */; };
		CDE65769291B422A00EA3CE8 /* SearchFriendView.swift in Sources */ = {isa = PBXBuildFile; fileRef = CDE65768291B422A00EA3CE8 /* SearchFriendView.swift */; };
		CDE681BE291AD77600AF8BFD /* NotificationView.swift in Sources */ = {isa = PBXBuildFile; fileRef = CDE681BD291AD77600AF8BFD /* NotificationView.swift */; };
		CDE681C0291AD7BD00AF8BFD /* NotificationScroll.swift in Sources */ = {isa = PBXBuildFile; fileRef = CDE681BF291AD7BD00AF8BFD /* NotificationScroll.swift */; };
		CDE681C2291ADA8000AF8BFD /* SingleNotificationView.swift in Sources */ = {isa = PBXBuildFile; fileRef = CDE681C1291ADA8000AF8BFD /* SingleNotificationView.swift */; };
		C4A2E7C3291ADCE300D15DE1 /* CameraView.swift in Sources */ = {isa = PBXBuildFile; fileRef = C4A2E7C2291ADCE300D15DE1 /* CameraView.swift */; };
		C4A2E7D6291B48C800D15DE1 /* ImagePickerView.swift in Sources */ = {isa = PBXBuildFile; fileRef = C4A2E7D5291B48C800D15DE1 /* ImagePickerView.swift */; };
		C4A2E7D8291B56CE00D15DE1 /* LandingView.swift in Sources */ = {isa = PBXBuildFile; fileRef = C4A2E7D7291B56CE00D15DE1 /* LandingView.swift */; };
/* End PBXBuildFile section */

/* Begin PBXFileReference section */
		C4A2E7A92919DD8A00D15DE1 /* EatReal-v1.app */ = {isa = PBXFileReference; explicitFileType = wrapper.application; includeInIndex = 0; path = "EatReal-v1.app"; sourceTree = BUILT_PRODUCTS_DIR; };
		C4A2E7AC2919DD8A00D15DE1 /* EatReall_AppApp.swift */ = {isa = PBXFileReference; lastKnownFileType = sourcecode.swift; path = EatReall_AppApp.swift; sourceTree = "<group>"; };
		C4A2E7AE2919DD8A00D15DE1 /* ContentView.swift */ = {isa = PBXFileReference; lastKnownFileType = sourcecode.swift; path = ContentView.swift; sourceTree = "<group>"; };
		C4A2E7B02919DD8B00D15DE1 /* Assets.xcassets */ = {isa = PBXFileReference; lastKnownFileType = folder.assetcatalog; path = Assets.xcassets; sourceTree = "<group>"; };
		C4A2E7B32919DD8B00D15DE1 /* Preview Assets.xcassets */ = {isa = PBXFileReference; lastKnownFileType = folder.assetcatalog; path = "Preview Assets.xcassets"; sourceTree = "<group>"; };
		C4A2E7BA2919E1CA00D15DE1 /* navBar.swift */ = {isa = PBXFileReference; lastKnownFileType = sourcecode.swift; path = navBar.swift; sourceTree = "<group>"; };
		C4A2E7BE2919EBDE00D15DE1 /* PostScroll.swift */ = {isa = PBXFileReference; lastKnownFileType = sourcecode.swift; path = PostScroll.swift; sourceTree = "<group>"; };
		C4A2E7C02919EFF700D15DE1 /* PostView.swift */ = {isa = PBXFileReference; lastKnownFileType = sourcecode.swift; path = PostView.swift; sourceTree = "<group>"; };
		CDE65764291AF89E00EA3CE8 /* FriendView.swift */ = {isa = PBXFileReference; lastKnownFileType = sourcecode.swift; path = FriendView.swift; sourceTree = "<group>"; };
		CDE65768291B422A00EA3CE8 /* SearchFriendView.swift */ = {isa = PBXFileReference; lastKnownFileType = sourcecode.swift; path = SearchFriendView.swift; sourceTree = "<group>"; };
		CDE681BD291AD77600AF8BFD /* NotificationView.swift */ = {isa = PBXFileReference; lastKnownFileType = sourcecode.swift; path = NotificationView.swift; sourceTree = "<group>"; };
		CDE681BF291AD7BD00AF8BFD /* NotificationScroll.swift */ = {isa = PBXFileReference; lastKnownFileType = sourcecode.swift; path = NotificationScroll.swift; sourceTree = "<group>"; };
		CDE681C1291ADA8000AF8BFD /* SingleNotificationView.swift */ = {isa = PBXFileReference; lastKnownFileType = sourcecode.swift; path = SingleNotificationView.swift; sourceTree = "<group>"; };
		CDE681C7291AE34000AF8BFD /* ProfileView.swift */ = {isa = PBXFileReference; lastKnownFileType = sourcecode.swift; path = ProfileView.swift; sourceTree = "<group>"; };
		C4A2E7C2291ADCE300D15DE1 /* CameraView.swift */ = {isa = PBXFileReference; lastKnownFileType = sourcecode.swift; path = CameraView.swift; sourceTree = "<group>"; };
		C4A2E7C4291AE47700D15DE1 /* EatReal-v1-Info.plist */ = {isa = PBXFileReference; lastKnownFileType = text.plist; path = "EatReal-v1-Info.plist"; sourceTree = "<group>"; };
		C4A2E7D5291B48C800D15DE1 /* ImagePickerView.swift */ = {isa = PBXFileReference; lastKnownFileType = sourcecode.swift; path = ImagePickerView.swift; sourceTree = "<group>"; };
		C4A2E7D7291B56CE00D15DE1 /* LandingView.swift */ = {isa = PBXFileReference; lastKnownFileType = sourcecode.swift; path = LandingView.swift; sourceTree = "<group>"; };
/* End PBXFileReference section */

/* Begin PBXFrameworksBuildPhase section */
		C4A2E7A62919DD8A00D15DE1 /* Frameworks */ = {
			isa = PBXFrameworksBuildPhase;
			buildActionMask = 2147483647;
			files = (
			);
			runOnlyForDeploymentPostprocessing = 0;
		};
/* End PBXFrameworksBuildPhase section */

/* Begin PBXGroup section */
		C4A2E7A02919DD8A00D15DE1 = {
			isa = PBXGroup;
			children = (
				C4A2E7C4291AE47700D15DE1 /* EatReal-v1-Info.plist */,
				C4A2E7AB2919DD8A00D15DE1 /* EatReall-App */,
				C4A2E7AA2919DD8A00D15DE1 /* Products */,
			);
			sourceTree = "<group>";
		};
		C4A2E7AA2919DD8A00D15DE1 /* Products */ = {
			isa = PBXGroup;
			children = (
				C4A2E7A92919DD8A00D15DE1 /* EatReal-v1.app */,
			);
			name = Products;
			sourceTree = "<group>";
		};
		C4A2E7AB2919DD8A00D15DE1 /* EatReall-App */ = {
			isa = PBXGroup;
			children = (
				C4A2E7C02919EFF700D15DE1 /* PostView.swift */,
				C4A2E7AC2919DD8A00D15DE1 /* EatReall_AppApp.swift */,
				C4A2E7AE2919DD8A00D15DE1 /* ContentView.swift */,
				CDE65763291AF89200EA3CE8 /* Friend */,
				CDE681C3291AE10B00AF8BFD /* Notification */,
				CDE681C8291AE40200AF8BFD /* Profile */,
				C4A2E7C2291ADCE300D15DE1 /* CameraView.swift */,
				C4A2E7D7291B56CE00D15DE1 /* LandingView.swift */,
				C4A2E7D5291B48C800D15DE1 /* ImagePickerView.swift */,
				C4A2E7BE2919EBDE00D15DE1 /* PostScroll.swift */,
				C4A2E7BA2919E1CA00D15DE1 /* navBar.swift */,
				C4A2E7B02919DD8B00D15DE1 /* Assets.xcassets */,
				C4A2E7B22919DD8B00D15DE1 /* Preview Content */,
			);
			path = "EatReall-App";
			sourceTree = "<group>";
		};
		C4A2E7B22919DD8B00D15DE1 /* Preview Content */ = {
			isa = PBXGroup;
			children = (
				C4A2E7B32919DD8B00D15DE1 /* Preview Assets.xcassets */,
			);
			path = "Preview Content";
			sourceTree = "<group>";
		};
		CDE65763291AF89200EA3CE8 /* Friend */ = {
			isa = PBXGroup;
			children = (
				CDE65764291AF89E00EA3CE8 /* FriendView.swift */,
				CDE65768291B422A00EA3CE8 /* SearchFriendView.swift */,
			);
			path = Friend;
			sourceTree = "<group>";
		};
		CDE681C3291AE10B00AF8BFD /* Notification */ = {
			isa = PBXGroup;
			children = (
				CDE681BF291AD7BD00AF8BFD /* NotificationScroll.swift */,
				CDE681BD291AD77600AF8BFD /* NotificationView.swift */,
				CDE681C1291ADA8000AF8BFD /* SingleNotificationView.swift */,
			);
			path = Notification;
			sourceTree = "<group>";
		};
		CDE681C8291AE40200AF8BFD /* Profile */ = {
			isa = PBXGroup;
			children = (
				CDE681C7291AE34000AF8BFD /* ProfileView.swift */,
			);
			path = Profile;
			sourceTree = "<group>";
		};
/* End PBXGroup section */

/* Begin PBXNativeTarget section */
		C4A2E7A82919DD8A00D15DE1 /* EatReal-v1 */ = {
			isa = PBXNativeTarget;
			buildConfigurationList = C4A2E7B72919DD8B00D15DE1 /* Build configuration list for PBXNativeTarget "EatReal-v1" */;
			buildPhases = (
				C4A2E7A52919DD8A00D15DE1 /* Sources */,
				C4A2E7A62919DD8A00D15DE1 /* Frameworks */,
				C4A2E7A72919DD8A00D15DE1 /* Resources */,
			);
			buildRules = (
			);
			dependencies = (
			);
			name = "EatReal-v1";
			productName = "EatReall-App";
			productReference = C4A2E7A92919DD8A00D15DE1 /* EatReal-v1.app */;
			productType = "com.apple.product-type.application";
		};
/* End PBXNativeTarget section */

/* Begin PBXProject section */
		C4A2E7A12919DD8A00D15DE1 /* Project object */ = {
			isa = PBXProject;
			attributes = {
				BuildIndependentTargetsInParallel = 1;
				LastSwiftUpdateCheck = 1400;
				LastUpgradeCheck = 1400;
				TargetAttributes = {
					C4A2E7A82919DD8A00D15DE1 = {
						CreatedOnToolsVersion = 14.0.1;
					};
				};
			};
			buildConfigurationList = C4A2E7A42919DD8A00D15DE1 /* Build configuration list for PBXProject "EatReal-v1" */;
			compatibilityVersion = "Xcode 14.0";
			developmentRegion = en;
			hasScannedForEncodings = 0;
			knownRegions = (
				en,
				Base,
			);
			mainGroup = C4A2E7A02919DD8A00D15DE1;
			productRefGroup = C4A2E7AA2919DD8A00D15DE1 /* Products */;
			projectDirPath = "";
			projectRoot = "";
			targets = (
				C4A2E7A82919DD8A00D15DE1 /* EatReal-v1 */,
			);
		};
/* End PBXProject section */

/* Begin PBXResourcesBuildPhase section */
		C4A2E7A72919DD8A00D15DE1 /* Resources */ = {
			isa = PBXResourcesBuildPhase;
			buildActionMask = 2147483647;
			files = (
				C4A2E7B42919DD8B00D15DE1 /* Preview Assets.xcassets in Resources */,
				C4A2E7B12919DD8B00D15DE1 /* Assets.xcassets in Resources */,
			);
			runOnlyForDeploymentPostprocessing = 0;
		};
/* End PBXResourcesBuildPhase section */

/* Begin PBXSourcesBuildPhase section */
		C4A2E7A52919DD8A00D15DE1 /* Sources */ = {
			isa = PBXSourcesBuildPhase;
			buildActionMask = 2147483647;
			files = (
				CDE681C2291ADA8000AF8BFD /* SingleNotificationView.swift in Sources */,
				CDE65761291AF7E000EA3CE8 /* ProfileView.swift in Sources */,
				C4A2E7BB2919E1CA00D15DE1 /* navBar.swift in Sources */,
				CDE65769291B422A00EA3CE8 /* SearchFriendView.swift in Sources */,
				CDE681C0291AD7BD00AF8BFD /* NotificationScroll.swift in Sources */,
				C4A2E7BF2919EBDE00D15DE1 /* PostScroll.swift in Sources */,
				CDE681BE291AD77600AF8BFD /* NotificationView.swift in Sources */,
				C4A2E7AF2919DD8A00D15DE1 /* ContentView.swift in Sources */,
				C4A2E7D6291B48C800D15DE1 /* ImagePickerView.swift in Sources */,
				C4A2E7D8291B56CE00D15DE1 /* LandingView.swift in Sources */,
				C4A2E7C3291ADCE300D15DE1 /* CameraView.swift in Sources */,
				C4A2E7C12919EFF700D15DE1 /* PostView.swift in Sources */,
				CDE65765291AF89E00EA3CE8 /* FriendView.swift in Sources */,
				C4A2E7AD2919DD8A00D15DE1 /* EatReall_AppApp.swift in Sources */,
			);
			runOnlyForDeploymentPostprocessing = 0;
		};
/* End PBXSourcesBuildPhase section */

/* Begin XCBuildConfiguration section */
		C4A2E7B52919DD8B00D15DE1 /* Debug */ = {
			isa = XCBuildConfiguration;
			buildSettings = {
				ALWAYS_SEARCH_USER_PATHS = NO;
				CLANG_ANALYZER_NONNULL = YES;
				CLANG_ANALYZER_NUMBER_OBJECT_CONVERSION = YES_AGGRESSIVE;
				CLANG_CXX_LANGUAGE_STANDARD = "gnu++20";
				CLANG_ENABLE_MODULES = YES;
				CLANG_ENABLE_OBJC_ARC = YES;
				CLANG_ENABLE_OBJC_WEAK = YES;
				CLANG_WARN_BLOCK_CAPTURE_AUTORELEASING = YES;
				CLANG_WARN_BOOL_CONVERSION = YES;
				CLANG_WARN_COMMA = YES;
				CLANG_WARN_CONSTANT_CONVERSION = YES;
				CLANG_WARN_DEPRECATED_OBJC_IMPLEMENTATIONS = YES;
				CLANG_WARN_DIRECT_OBJC_ISA_USAGE = YES_ERROR;
				CLANG_WARN_DOCUMENTATION_COMMENTS = YES;
				CLANG_WARN_EMPTY_BODY = YES;
				CLANG_WARN_ENUM_CONVERSION = YES;
				CLANG_WARN_INFINITE_RECURSION = YES;
				CLANG_WARN_INT_CONVERSION = YES;
				CLANG_WARN_NON_LITERAL_NULL_CONVERSION = YES;
				CLANG_WARN_OBJC_IMPLICIT_RETAIN_SELF = YES;
				CLANG_WARN_OBJC_LITERAL_CONVERSION = YES;
				CLANG_WARN_OBJC_ROOT_CLASS = YES_ERROR;
				CLANG_WARN_QUOTED_INCLUDE_IN_FRAMEWORK_HEADER = YES;
				CLANG_WARN_RANGE_LOOP_ANALYSIS = YES;
				CLANG_WARN_STRICT_PROTOTYPES = YES;
				CLANG_WARN_SUSPICIOUS_MOVE = YES;
				CLANG_WARN_UNGUARDED_AVAILABILITY = YES_AGGRESSIVE;
				CLANG_WARN_UNREACHABLE_CODE = YES;
				CLANG_WARN__DUPLICATE_METHOD_MATCH = YES;
				COPY_PHASE_STRIP = NO;
				DEBUG_INFORMATION_FORMAT = dwarf;
				ENABLE_STRICT_OBJC_MSGSEND = YES;
				ENABLE_TESTABILITY = YES;
				GCC_C_LANGUAGE_STANDARD = gnu11;
				GCC_DYNAMIC_NO_PIC = NO;
				GCC_NO_COMMON_BLOCKS = YES;
				GCC_OPTIMIZATION_LEVEL = 0;
				GCC_PREPROCESSOR_DEFINITIONS = (
					"DEBUG=1",
					"$(inherited)",
				);
				GCC_WARN_64_TO_32_BIT_CONVERSION = YES;
				GCC_WARN_ABOUT_RETURN_TYPE = YES_ERROR;
				GCC_WARN_UNDECLARED_SELECTOR = YES;
				GCC_WARN_UNINITIALIZED_AUTOS = YES_AGGRESSIVE;
				GCC_WARN_UNUSED_FUNCTION = YES;
				GCC_WARN_UNUSED_VARIABLE = YES;
				IPHONEOS_DEPLOYMENT_TARGET = 16.0;
				MTL_ENABLE_DEBUG_INFO = INCLUDE_SOURCE;
				MTL_FAST_MATH = YES;
				ONLY_ACTIVE_ARCH = YES;
				SDKROOT = iphoneos;
				SWIFT_ACTIVE_COMPILATION_CONDITIONS = DEBUG;
				SWIFT_OPTIMIZATION_LEVEL = "-Onone";
			};
			name = Debug;
		};
		C4A2E7B62919DD8B00D15DE1 /* Release */ = {
			isa = XCBuildConfiguration;
			buildSettings = {
				ALWAYS_SEARCH_USER_PATHS = NO;
				CLANG_ANALYZER_NONNULL = YES;
				CLANG_ANALYZER_NUMBER_OBJECT_CONVERSION = YES_AGGRESSIVE;
				CLANG_CXX_LANGUAGE_STANDARD = "gnu++20";
				CLANG_ENABLE_MODULES = YES;
				CLANG_ENABLE_OBJC_ARC = YES;
				CLANG_ENABLE_OBJC_WEAK = YES;
				CLANG_WARN_BLOCK_CAPTURE_AUTORELEASING = YES;
				CLANG_WARN_BOOL_CONVERSION = YES;
				CLANG_WARN_COMMA = YES;
				CLANG_WARN_CONSTANT_CONVERSION = YES;
				CLANG_WARN_DEPRECATED_OBJC_IMPLEMENTATIONS = YES;
				CLANG_WARN_DIRECT_OBJC_ISA_USAGE = YES_ERROR;
				CLANG_WARN_DOCUMENTATION_COMMENTS = YES;
				CLANG_WARN_EMPTY_BODY = YES;
				CLANG_WARN_ENUM_CONVERSION = YES;
				CLANG_WARN_INFINITE_RECURSION = YES;
				CLANG_WARN_INT_CONVERSION = YES;
				CLANG_WARN_NON_LITERAL_NULL_CONVERSION = YES;
				CLANG_WARN_OBJC_IMPLICIT_RETAIN_SELF = YES;
				CLANG_WARN_OBJC_LITERAL_CONVERSION = YES;
				CLANG_WARN_OBJC_ROOT_CLASS = YES_ERROR;
				CLANG_WARN_QUOTED_INCLUDE_IN_FRAMEWORK_HEADER = YES;
				CLANG_WARN_RANGE_LOOP_ANALYSIS = YES;
				CLANG_WARN_STRICT_PROTOTYPES = YES;
				CLANG_WARN_SUSPICIOUS_MOVE = YES;
				CLANG_WARN_UNGUARDED_AVAILABILITY = YES_AGGRESSIVE;
				CLANG_WARN_UNREACHABLE_CODE = YES;
				CLANG_WARN__DUPLICATE_METHOD_MATCH = YES;
				COPY_PHASE_STRIP = NO;
				DEBUG_INFORMATION_FORMAT = "dwarf-with-dsym";
				ENABLE_NS_ASSERTIONS = NO;
				ENABLE_STRICT_OBJC_MSGSEND = YES;
				GCC_C_LANGUAGE_STANDARD = gnu11;
				GCC_NO_COMMON_BLOCKS = YES;
				GCC_WARN_64_TO_32_BIT_CONVERSION = YES;
				GCC_WARN_ABOUT_RETURN_TYPE = YES_ERROR;
				GCC_WARN_UNDECLARED_SELECTOR = YES;
				GCC_WARN_UNINITIALIZED_AUTOS = YES_AGGRESSIVE;
				GCC_WARN_UNUSED_FUNCTION = YES;
				GCC_WARN_UNUSED_VARIABLE = YES;
				IPHONEOS_DEPLOYMENT_TARGET = 16.0;
				MTL_ENABLE_DEBUG_INFO = NO;
				MTL_FAST_MATH = YES;
				SDKROOT = iphoneos;
				SWIFT_COMPILATION_MODE = wholemodule;
				SWIFT_OPTIMIZATION_LEVEL = "-O";
				VALIDATE_PRODUCT = YES;
			};
			name = Release;
		};
		C4A2E7B82919DD8B00D15DE1 /* Debug */ = {
			isa = XCBuildConfiguration;
			buildSettings = {
				ASSETCATALOG_COMPILER_APPICON_NAME = AppIcon;
				ASSETCATALOG_COMPILER_GLOBAL_ACCENT_COLOR_NAME = AccentColor;
				CODE_SIGN_STYLE = Automatic;
				CURRENT_PROJECT_VERSION = 1;
				DEVELOPMENT_ASSET_PATHS = "\"EatReall-App/Preview Content\"";
				DEVELOPMENT_TEAM = WJ53H49GSL;
				ENABLE_PREVIEWS = YES;
				GENERATE_INFOPLIST_FILE = YES;
				INFOPLIST_FILE = "EatReal-v1-Info.plist";
				INFOPLIST_KEY_NSCameraUsageDescription = "we need camera permission";
				INFOPLIST_KEY_UIApplicationSceneManifest_Generation = YES;
				INFOPLIST_KEY_UIApplicationSupportsIndirectInputEvents = YES;
				INFOPLIST_KEY_UILaunchScreen_Generation = YES;
				INFOPLIST_KEY_UISupportedInterfaceOrientations_iPad = "UIInterfaceOrientationPortrait UIInterfaceOrientationPortraitUpsideDown UIInterfaceOrientationLandscapeLeft UIInterfaceOrientationLandscapeRight";
				INFOPLIST_KEY_UISupportedInterfaceOrientations_iPhone = "UIInterfaceOrientationPortrait UIInterfaceOrientationLandscapeLeft UIInterfaceOrientationLandscapeRight";
				LD_RUNPATH_SEARCH_PATHS = (
					"$(inherited)",
					"@executable_path/Frameworks",
				);
				MARKETING_VERSION = 1.0;
				PRODUCT_BUNDLE_IDENTIFIER = "CMU443F22.EatReall-App";
				PRODUCT_NAME = "$(TARGET_NAME)";
				SWIFT_EMIT_LOC_STRINGS = YES;
				SWIFT_VERSION = 5.0;
				TARGETED_DEVICE_FAMILY = "1,2";
			};
			name = Debug;
		};
		C4A2E7B92919DD8B00D15DE1 /* Release */ = {
			isa = XCBuildConfiguration;
			buildSettings = {
				ASSETCATALOG_COMPILER_APPICON_NAME = AppIcon;
				ASSETCATALOG_COMPILER_GLOBAL_ACCENT_COLOR_NAME = AccentColor;
				CODE_SIGN_STYLE = Automatic;
				CURRENT_PROJECT_VERSION = 1;
				DEVELOPMENT_ASSET_PATHS = "\"EatReall-App/Preview Content\"";
				DEVELOPMENT_TEAM = WJ53H49GSL;
				ENABLE_PREVIEWS = YES;
				GENERATE_INFOPLIST_FILE = YES;
				INFOPLIST_FILE = "EatReal-v1-Info.plist";
				INFOPLIST_KEY_NSCameraUsageDescription = "we need camera permission";
				INFOPLIST_KEY_UIApplicationSceneManifest_Generation = YES;
				INFOPLIST_KEY_UIApplicationSupportsIndirectInputEvents = YES;
				INFOPLIST_KEY_UILaunchScreen_Generation = YES;
				INFOPLIST_KEY_UISupportedInterfaceOrientations_iPad = "UIInterfaceOrientationPortrait UIInterfaceOrientationPortraitUpsideDown UIInterfaceOrientationLandscapeLeft UIInterfaceOrientationLandscapeRight";
				INFOPLIST_KEY_UISupportedInterfaceOrientations_iPhone = "UIInterfaceOrientationPortrait UIInterfaceOrientationLandscapeLeft UIInterfaceOrientationLandscapeRight";
				LD_RUNPATH_SEARCH_PATHS = (
					"$(inherited)",
					"@executable_path/Frameworks",
				);
				MARKETING_VERSION = 1.0;
				PRODUCT_BUNDLE_IDENTIFIER = "CMU443F22.EatReall-App";
				PRODUCT_NAME = "$(TARGET_NAME)";
				SWIFT_EMIT_LOC_STRINGS = YES;
				SWIFT_VERSION = 5.0;
				TARGETED_DEVICE_FAMILY = "1,2";
			};
			name = Release;
		};
/* End XCBuildConfiguration section */

/* Begin XCConfigurationList section */
		C4A2E7A42919DD8A00D15DE1 /* Build configuration list for PBXProject "EatReal-v1" */ = {
			isa = XCConfigurationList;
			buildConfigurations = (
				C4A2E7B52919DD8B00D15DE1 /* Debug */,
				C4A2E7B62919DD8B00D15DE1 /* Release */,
			);
			defaultConfigurationIsVisible = 0;
			defaultConfigurationName = Release;
		};
		C4A2E7B72919DD8B00D15DE1 /* Build configuration list for PBXNativeTarget "EatReal-v1" */ = {
			isa = XCConfigurationList;
			buildConfigurations = (
				C4A2E7B82919DD8B00D15DE1 /* Debug */,
				C4A2E7B92919DD8B00D15DE1 /* Release */,
			);
			defaultConfigurationIsVisible = 0;
			defaultConfigurationName = Release;
		};
/* End XCConfigurationList section */
	};
	rootObject = C4A2E7A12919DD8A00D15DE1 /* Project object */;
}
